GEM
  remote: https://rubygems.org/
  specs:
    activesupport (8.1.3)
      base64
      bigdecimal
      concurrent-ruby (~> 1.0, >= 1.3.1)
      connection_pool (>= 2.2.5)
      drb
      i18n (>= 1.6, < 2)
      json
      logger (>= 1.4.2)
      minitest (>= 5.1)
      securerandom (>= 0.3)
      tzinfo (~> 2.0, >= 2.0.5)
      uri (>= 0.13.1)
    addressable (2.3.8)
    babosa (1.0.2)
    base64 (0.3.0)
    bigdecimal (4.1.2)
    cert (1.4.4)
      fastlane_core (>= 0.55.0, < 1.0.0)
      spaceship (>= 0.37.0, < 1.0.0)
    claide (0.9.1)
    colored (1.2)
    commander (4.6.0)
      highline (~> 2.0.0)
    concurrent-ruby (1.3.6)
    connection_pool (3.0.2)
    credentials_manager (0.16.4)
      colored
      commander (>= 4.3.5)
      highline (>= 1.7.1)
      security
    deliver (1.16.1)
      credentials_manager (>= 0.16.2, < 1.0.0)
      fastimage (~> 1.6)
      fastlane_core (>= 0.58.0, < 1.0.0)
      plist (>= 3.1.0, < 4.0.0)
      spaceship (>= 0.38.5, < 1.0.0)
    domain_name (0.6.20240107)
    dotenv (3.2.0)
    drb (2.2.3)
    excon (0.112.0)
    faraday (0.17.6)
      multipart-post (>= 1.2, < 3)
    faraday-cookie_jar (0.0.8)
      faraday (>= 0.8.0)
      http-cookie (>= 1.0.0)
    faraday_middleware (0.14.0)
      faraday (>= 0.7.4, < 1.0)
    fastimage (1.6.8)
      addressable (~> 2.3, >= 2.3.5)
    fastlane (1.33.6)
      addressable (~> 2.3.8)
      cert (>= 1.0.0, < 2.0.0)
      credentials_manager (>= 0.9.1, < 1.0.0)
      deliver (>= 1.3.2, < 2.0.0)
      fastlane_core (>= 0.25.1, < 1.0.0)
      frameit (>= 2.2.1, < 3.0.0)
      gym (>= 1.0.0, < 2.0.0)
      krausefx-shenzhen (>= 0.14.5)
      nokogiri (~> 1.6)
      pbxplorer (~> 1.0.0)
      pem (>= 1.0.0, < 2.0.0)
      pilot (>= 1.0.0, < 2.0.0)
      plist (~> 3.1.0)
      produce (>= 1.0.0, < 2.0.0)
      rest-client (~> 1.8.0)
      sigh (>= 1.0.0, < 2.0.0)
      slack-notifier (~> 1.3)
      snapshot (>= 0.10.2, < 1.0.0)
      spaceship (>= 0.12.1, < 1.0.0)
      terminal-notifier (~> 1.6.2)
      terminal-table (~> 1.4.5)
      xcodeproj (>= 0.20, < 1.0.0)
      xcpretty (>= 0.1.11)
    fastlane_core (0.59.0)
      colored
      commander (>= 4.4.0, <= 5.0.0)
      credentials_manager (>= 0.16.2, < 1.0.0)
      excon (>= 0.45.0, < 1.0)
      gh_inspector (>= 1.0.1, < 2.0.0)
      highline (>= 1.7.2)
      json
      multi_json
      plist (>= 3.1.0, < 4.0.0)
      rubyzip (~> 1.1.6)
      terminal-table (>= 1.4.5, < 2.0.0)
    frameit (2.8.0)
      deliver (> 0.3)
      fastimage (~> 1.6.3)
      fastlane_core (>= 0.52.1, < 1.0.0)
      mini_magick (~> 4.5.1)
    gh_inspector (1.1.3)
    gym (1.12.1)
      fastlane_core (>= 0.57.0, < 1.0.0)
      plist (>= 3.1.0, < 4.0.0)
      rubyzip (>= 1.1.7)
      terminal-table (>= 1.4.5, < 2.0.0)
      xcpretty (>= 0.2.4, < 1.0.0)
    highline (2.0.3)
    http-cookie (1.1.6)
      domain_name (~> 0.5)
    i18n (1.14.8)
      concurrent-ruby (~> 1.0)
    json (1.8.6)
    jwt (3.2.0)
      base64
    krausefx-shenzhen (0.14.11)
      commander (>= 4.3, < 5.0)
      dotenv (>= 0.7)
      faraday (~> 0.9)
      faraday_middleware (~> 0.9)
      highline (>= 1.7.2)
      json (~> 1.8)
      net-sftp (~> 2.1.2)
      plist (>= 3.1.0, < 4.0.0)
      rubyzip (~> 1.1)
      security (~> 0.1.3)
      terminal-table (~> 1.4.5)
    logger (1.7.0)
    mime-types (2.99.3)
    mini_magick (4.5.1)
    minitest (6.0.6)
      drb (~> 2.0)
      prism (~> 1.5)
    multi_json (1.21.1)
    multi_xml (0.9.1)
      bigdecimal (>= 3.1, < 5)
    multipart-post (2.4.1)
    net-sftp (2.1.2)
      net-ssh (>= 2.6.5)
    net-ssh (7.3.2)
    netrc (0.11.0)
    nokogiri (1.19.3-aarch64-linux-gnu)
      racc (~> 1.4)
    nokogiri (1.19.3-aarch64-linux-musl)
      racc (~> 1.4)
    nokogiri (1.19.3-arm-linux-gnu)
      racc (~> 1.4)
    nokogiri (1.19.3-arm-linux-musl)
      racc (~> 1.4)
    nokogiri (1.19.3-arm64-darwin)
      racc (~> 1.4)
    nokogiri (1.19.3-x86_64-darwin)
      racc (~> 1.4)
    nokogiri (1.19.3-x86_64-linux-gnu)
      racc (~> 1.4)
    nokogiri (1.19.3-x86_64-linux-musl)
      racc (~> 1.4)
    pbxplorer (1.0.0)
    pem (1.4.1)
      fastlane_core (>= 0.58.0, < 1.0.0)
      spaceship (>= 0.38.5, < 1.0.0)
    pilot (1.12.1)
      credentials_manager (>= 0.16.0)
      fastlane_core (>= 0.56.0, < 1.0.0)
      spaceship (>= 0.37.0, < 1.0.0)
      terminal-table (>= 1.4.5, < 2.0.0)
    plist (3.1.0)
    prism (1.9.0)
    produce (1.3.2)
      fastlane_core (>= 0.57.2, < 1.0.0)
      spaceship (>= 0.38.4, < 1.0.0)
    racc (1.8.1)
    rest-client (1.8.0)
      http-cookie (>= 1.0.2, < 2.0)
      mime-types (>= 1.16, < 3.0)
      netrc (~> 0.7)
    rouge (3.28.0)
    rubyzip (1.1.7)
    securerandom (0.4.1)
    security (0.1.5)
    sigh (1.12.1)
      fastlane_core (>= 0.57.2, < 1.0.0)
      plist (>= 3.1.0, < 4.0.0)
      spaceship (>= 0.38.4, < 1.0.0)
    slack-notifier (1.5.1)
    snapshot (0.10.2)
      fastimage (~> 1.6.3)
      fastlane_core (>= 0.16.1, < 1.0.0)
    spaceship (0.39.0)
      babosa (= 1.0.2)
      colored
      credentials_manager (>= 0.16.0)
      faraday (~> 0.9)
      faraday-cookie_jar (~> 0.0.6)
      faraday_middleware (~> 0.9)
      fastimage (>= 1.6)
      multi_xml (~> 0.5)
      plist (>= 3.1.0, < 4.0.0)
    terminal-notifier (1.6.3)
    terminal-table (1.4.5)
    tzinfo (2.0.6)
      concurrent-ruby (~> 1.0)
    uri (1.1.1)
    xcodeproj (0.28.2)
      activesupport (>= 3)
      claide (~> 0.9.1)
      colored (~> 1.2)
    xcpretty (0.4.1)
      rouge (~> 3.28.0)

PLATFORMS
  aarch64-linux-gnu
  aarch64-linux-musl
  arm-linux-gnu
  arm-linux-musl
  arm64-darwin
  x86_64-darwin
  x86_64-linux-gnu
  x86_64-linux-musl

DEPENDENCIES
  fastlane
  jwt (>= 3.2.0)

CHECKSUMS
  activesupport (8.1.3) sha256=21a5e0dfbd4c3ddd9e1317ec6a4d782fa226e7867dc70b0743acda81a1dca20e
  addressable (2.3.8) sha256=a64ef127ac7b0ceed1324dfbccb478e8b0e4b272f6a53a8f11ffbe826a576394
  babosa (1.0.2) sha256=4edc28885e0cbf3e1c258887531c274986ebc1ceaf703266276c917fc9eb2f17
  base64 (0.3.0) sha256=27337aeabad6ffae05c265c450490628ef3ebd4b67be58257393227588f5a97b
  bigdecimal (4.1.2) sha256=53d217666027eab4280346fba98e7d5b66baaae1b9c3c1c0ffe89d48188a3fbd
  cert (1.4.4) sha256=6dfd045c7ecd3ec8258b29cabf5901bee6161e9ce654a82f20b8e26757019b9f
  claide (0.9.1) sha256=e54464301af5854cedfcc869c0b7d46ebf29d87c67ce401c89889886a439f5d2
  colored (1.2) sha256=9d82b47ac589ce7f6cab64b1f194a2009e9fd00c326a5357321f44afab2c1d2c
  commander (4.6.0) sha256=7d1ddc3fccae60cc906b4131b916107e2ef0108858f485fdda30610c0f2913d9
  concurrent-ruby (1.3.6) sha256=6b56837e1e7e5292f9864f34b69c5a2cbc75c0cf5338f1ce9903d10fa762d5ab
  connection_pool (3.0.2) sha256=33fff5ba71a12d2aa26cb72b1db8bba2a1a01823559fb01d29eb74c286e62e0a
  credentials_manager (0.16.4) sha256=2f15b5e380fdceb7ce415e3ce492045c04193166c3056efb9064e836e4e916b3
  deliver (1.16.1) sha256=2c915c2fe68514960ef7bc3ada80ce20d4a5652913fdc147c57a2265ea2c7190
  domain_name (0.6.20240107) sha256=5f693b2215708476517479bf2b3802e49068ad82167bcd2286f899536a17d933
  dotenv (3.2.0) sha256=e375b83121ea7ca4ce20f214740076129ab8514cd81378161f11c03853fe619d
  drb (2.2.3) sha256=0b00d6fdb50995fe4a45dea13663493c841112e4068656854646f418fda13373
  excon (0.112.0) sha256=daf9ac3a4c2fc9aa48383a33da77ecb44fa395111e973084d5c52f6f214ae0f0
  faraday (0.17.6) sha256=a572118695fce2937e3a8bed33498ac0c25a263cdb570ea5cd2e41b36c821c34
  faraday-cookie_jar (0.0.8) sha256=0140605823f8cc63c7028fccee486aaed8e54835c360cffc1f7c8c07c4299dbb
  faraday_middleware (0.14.0) sha256=4cb37ddd656b2c4de0bd684b72b08c34486f70560c31cb303cd506faef7ef2f4
  fastimage (1.6.8) sha256=3721806a38cd42762c5cd0fd123509ae9687bbf7bd3f413480d085ab1f824099
  fastlane (1.33.6) sha256=ba2d3ad7e3f9e077e039731f035ada0263082360b02bbbcd56cd58a4b6eeb9cf
  fastlane_core (0.59.0) sha256=2572887ddf99fbe92e5e46219302a4ac35501d52e435438a59ef279f34cd7ccb
  frameit (2.8.0) sha256=b2403d26f1e6f5636b89a4c29fa37d678ada2b612acb409e419fca5453dc38e0
  gh_inspector (1.1.3) sha256=04cca7171b87164e053aa43147971d3b7f500fcb58177698886b48a9fc4a1939
  gym (1.12.1) sha256=78cfe1e4bbac3dd7c1fbba097392175b44d487769cc1dd27367be613eb5393b7
  highline (2.0.3) sha256=2ddd5c127d4692721486f91737307236fe005352d12a4202e26c48614f719479
  http-cookie (1.1.6) sha256=ba4b82be64de61dc281243dac70e3c382c45142f20268ed9276a3670c93feaa9
  i18n (1.14.8) sha256=285778639134865c5e0f6269e0b818256017e8cde89993fdfcbfb64d088824a5
  json (1.8.6) sha256=65af27ca985f70eb0d083aab0f75712c771871222af021ce533bad77bd3bb262
  jwt (3.2.0) sha256=5419b1fe37b1da0982bd07051f573a8b8789ab724c2aa7e785e4784a3ed217d7
  krausefx-shenzhen (0.14.11) sha256=075cb79cc894f8be528a3aadbcd778cca0bd510aee749884936cb58f5cf9bf7e
  logger (1.7.0) sha256=196edec7cc44b66cfb40f9755ce11b392f21f7967696af15d274dde7edff0203
  mime-types (2.99.3) sha256=899678f8802057a90669a88d0300ac75fb24ea3db35ecaa61457700c7247490e
  mini_magick (4.5.1) sha256=17352cb1fc709eacfee886af2946c87e9797c119132ba63d3040ee246899a9a8
  minitest (6.0.6) sha256=153ea36d1d987a62942382b61075745042a2b3123b1cd48f4c3675af9cc7d6f1
  multi_json (1.21.1) sha256=e6126a31808e3b4d19f483c775ceac34df190dffa62adfb63a165ee14ba68080
  multi_xml (0.9.1) sha256=7ce766b59c17241ed62976caeae1fae9b2431b263398c35396239a68c4a64e57
  multipart-post (2.4.1) sha256=9872d03a8e552020ca096adadbf5e3cb1cd1cdd6acd3c161136b8a5737cdb4a8
  net-sftp (2.1.2) sha256=3e70b8130b1c86039b0847aeb088a2254df49053023546a5923e5763c923c710
  net-ssh (7.3.2) sha256=65029e213c380e20e5fd92ece663934ab0a0fe888e0cd7cc6a5b664074362dd4
  netrc (0.11.0) sha256=de1ce33da8c99ab1d97871726cba75151113f117146becbe45aa85cb3dabee3f
  nokogiri (1.19.3-aarch64-linux-gnu) sha256=46b89e5d7b9e844c2ee360794240c6ea2a4e6fa0c5892a4ed487db621224b639
  nokogiri (1.19.3-aarch64-linux-musl) sha256=8392dfdcd21be7a94dbbe9ccc138dea01b97b24cb2dc02a114ca98bfb1d9a0b7
  nokogiri (1.19.3-arm-linux-gnu) sha256=3919d5ffc334ad778a4a9eb88fda7dcb8b1fb58c8a52ac640c6dcd2f038e774f
  nokogiri (1.19.3-arm-linux-musl) sha256=9ce1cb6346bb9c67b1550eb537aa183ead91e4b6eadb2f36ade02d8dd2a79fb6
  nokogiri (1.19.3-arm64-darwin) sha256=71b9bd424b1b7abc18b05052a1a3cfd3627abdca62be280854cc411791357e42
  nokogiri (1.19.3-x86_64-darwin) sha256=77f3fba57d46c53ab31e62fc6c28f705109d1bf6264356c76f132b2be5728d4d
  nokogiri (1.19.3-x86_64-linux-gnu) sha256=2f5078620fe12e83669b5b17311b32532a8153d02eee7ad06948b926d6080976
  nokogiri (1.19.3-x86_64-linux-musl) sha256=248c906d2166eca5efb56d52fdee5f9a1f51d69a72e2b64fdac647b4ce39ea3f
  pbxplorer (1.0.0) sha256=44862378c2db761f9c5b943a6d83238d7ba82d4c21915b38c1f8a72a81e33803
  pem (1.4.1) sha256=36156268d5b45198e7bca6f9f52b8f8668cfbad9e30b8e3d8d033cffda9c809e
  pilot (1.12.1) sha256=00dbe1d2036f2571ca09fddae02d87ae37a368ead4fb2ac2d18641affddd72e7
  plist (3.1.0) sha256=9ae1a010cab13bb533af87d5a1aca23958e5dae8911317244248f9c65bb30866
  prism (1.9.0) sha256=7b530c6a9f92c24300014919c9dcbc055bf4cdf51ec30aed099b06cd6674ef85
  produce (1.3.2) sha256=44b93b7ebeb83397bf23c01763d2e2785fa55579c9c2a08fe4332a7d9b8192c0
  racc (1.8.1) sha256=4a7f6929691dbec8b5209a0b373bc2614882b55fc5d2e447a21aaa691303d62f
  rest-client (1.8.0) sha256=e70e4fe5660181fe5c6909de06f7b716931b433f5748f3713c841be709031fd5
  rouge (3.28.0) sha256=0d6de482c7624000d92697772ab14e48dca35629f8ddf3f4b21c99183fd70e20
  rubyzip (1.1.7) sha256=24ab7c93f05eb8f6ec1c6c110f60bb5f0f2fa54b09e95eaa3b097e0fe5640133
  securerandom (0.4.1) sha256=cc5193d414a4341b6e225f0cb4446aceca8e50d5e1888743fac16987638ea0b1
  security (0.1.5) sha256=3a977a0eca7706e804c96db0dd9619e0a94969fe3aac9680fcfc2bf9b8a833b7
  sigh (1.12.1) sha256=fe31b7ef50ac54dd4aa4ac8146c8e223bbdc5ca8d1a6c5348482f97e130a3fca
  slack-notifier (1.5.1) sha256=062aee1c1abf78ec305568ba885b958d3a41538b86a653ab30fe0100fb8a5b75
  snapshot (0.10.2) sha256=a1729de3fcc253e24b7a41ca8979141c370b85cc7d64fb62b9457a3f69fc6b85
  spaceship (0.39.0) sha256=36f23aa0880f40f7c7444f5d5d282224b6bfe27d1a67bf18df7029b3902cd372
  terminal-notifier (1.6.3) sha256=907e6fdfc6ca0cbecdd62d0b617f807e6107c6ff573bc8a86e1d1af59422a1da
  terminal-table (1.4.5) sha256=bf81561a406d3389fcd08fc44447fb980f2810d1aaf99b9e06fc1916c83d1999
  tzinfo (2.0.6) sha256=8daf828cc77bcf7d63b0e3bdb6caa47e2272dcfaf4fbfe46f8c3a9df087a829b
  uri (1.1.1) sha256=379fa58d27ffb1387eaada68c749d1426738bd0f654d812fcc07e7568f5c57c6
  xcodeproj (0.28.2) sha256=92bbaa648135e0820bcbf2bef75d8e1dcb3289acefcba2a680eea33ea96d1d20
  xcpretty (0.4.1) sha256=b14c50e721f6589ee3d6f5353e2c2cfcd8541fa1ea16d6c602807dd7327f3892

BUNDLED WITH
  4.0.10
