{
  "pins" : [
    {
      "identity" : "kmp-chat",
      "kind" : "remoteSourceControl",
      "location" : "https://github.com/pubnub/kmp-chat",
      "state" : {
        "revision" : "ead1e5c07b5b14a1acb5c69315b33faa7d24b5c9",
        "version" : "0.8.3-dev"
      }
    },
    {
      "identity" : "swift",
      "kind" : "remoteSourceControl",
      "location" : "https://github.com/pubnub/swift",
      "state" : {
        "revision" : "be18a8c8d32f1426992d03cb3551101ab972fdb4",
        "version" : "8.0.1"
      }
    }
  ],
  "version" : 2
}
