{
  "pins" : [
    {
      "identity" : "kmp-chat",
      "kind" : "remoteSourceControl",
      "location" : "https://github.com/pubnub/kmp-chat",
      "state" : {
        "revision" : "29395271f752c0354ca1dad984cb86161f4700ab",
        "version" : "0.8.202-dev"
      }
    },
    {
      "identity" : "swift",
      "kind" : "remoteSourceControl",
      "location" : "https://github.com/pubnub/swift",
      "state" : {
        "revision" : "be18a8c8d32f1426992d03cb3551101ab972fdb4",
        "version" : "8.0.1"
      }
    }
  ],
  "version" : 2
}
