{
  "originHash" : "9319948599adc9371fd0665a7a906ebb745d9fd656f10a0bc4a155f21d3c4c7a",
  "pins" : [
    {
      "identity" : "kmp-chat",
      "kind" : "remoteSourceControl",
      "location" : "https://github.com/pubnub/kmp-chat/",
      "state" : {
        "revision" : "091d1310334b47a92fd0f056ec1662786b294054",
        "version" : "0.0.1-DEV"
      }
    },
    {
      "identity" : "swift",
      "kind" : "remoteSourceControl",
      "location" : "https://github.com/pubnub/swift.git",
      "state" : {
        "revision" : "7ec97085f008532fde807568409941badbc1e737",
        "version" : "8.0.0"
      }
    }
  ],
  "version" : 3
}
