// !$*UTF8*$!
{
	archiveVersion = 1;
	classes = {
	};
	objectVersion = 56;
	objects = {

/* Begin PBXBuildFile section */
		3D043A7A2CA6AAA000F91C05 /* ThreadChannel.swift in Sources */ = {isa = PBXBuildFile; fileRef = 3D043A792CA6AAA000F91C05 /* ThreadChannel.swift */; };
		3D043A7C2CAAABBD00F91C05 /* ThreadMessage.swift in Sources */ = {isa = PBXBuildFile; fileRef = 3D043A7B2CAAABBD00F91C05 /* ThreadMessage.swift */; };
		3D043A7E2CAC190200F91C05 /* Constants.swift in Sources */ = {isa = PBXBuildFile; fileRef = 3D043A7D2CAC190200F91C05 /* Constants.swift */; };
		3D0F90D32D48DB4700986686 /* MutedUsersManagerInterface.swift in Sources */ = {isa = PBXBuildFile; fileRef = 3D0F90D12D48DB4700986686 /* MutedUsersManagerInterface.swift */; };
		3D0F90D52D48DEC700986686 /* MutedUsersManagerInterface+AsyncAwait.swift in Sources */ = {isa = PBXBuildFile; fileRef = 3D0F90D42D48DEC700986686 /* MutedUsersManagerInterface+AsyncAwait.swift */; };
		3D1CE5232D79DED800617200 /* String+Helpers.swift in Sources */ = {isa = PBXBuildFile; fileRef = 3D1CE5222D79DED800617200 /* String+Helpers.swift */; };
		3D1E67D72E3CBC84001454C1 /* ConnectionStatus.swift in Sources */ = {isa = PBXBuildFile; fileRef = 3D1E67D62E3CBC84001454C1 /* ConnectionStatus.swift */; };
		3D27B8D02D2D9A61003AD459 /* ThreadChannelAsyncIntegrationTests.swift in Sources */ = {isa = PBXBuildFile; fileRef = 3D27B8CF2D2D9A61003AD459 /* ThreadChannelAsyncIntegrationTests.swift */; };
		3D27B8D22D2D9BBB003AD459 /* ThreadChannel+AsyncAwait.swift in Sources */ = {isa = PBXBuildFile; fileRef = 3D27B8D12D2D9BBB003AD459 /* ThreadChannel+AsyncAwait.swift */; };
		3D27B8D42D2EAEA6003AD459 /* MessageDraftAsyncIntegrationTests.swift in Sources */ = {isa = PBXBuildFile; fileRef = 3D27B8D32D2EAEA5003AD459 /* MessageDraftAsyncIntegrationTests.swift */; };
		3D27B8D62D2EAF86003AD459 /* MessageDraft+AsyncAwait.swift in Sources */ = {isa = PBXBuildFile; fileRef = 3D27B8D52D2EAF86003AD459 /* MessageDraft+AsyncAwait.swift */; };
		3D2813212D7B4EF4004623A0 /* PubNubChat in Frameworks */ = {isa = PBXBuildFile; productRef = 3D2813202D7B4EF4004623A0 /* PubNubChat */; };
		3D2CA2362C5B9320008D2284 /* PubNubChat+Transform.swift in Sources */ = {isa = PBXBuildFile; fileRef = 3D2CA2352C5B9320008D2284 /* PubNubChat+Transform.swift */; };
		3D2CA2382C5B9ACA008D2284 /* File.swift in Sources */ = {isa = PBXBuildFile; fileRef = 3D2CA2372C5B9ACA008D2284 /* File.swift */; };
		3D2CA23A2C5B9CF6008D2284 /* Dictionary.swift in Sources */ = {isa = PBXBuildFile; fileRef = 3D2CA2392C5B9CF6008D2284 /* Dictionary.swift */; };
		3D2CA23C2C5B9E51008D2284 /* Action.swift in Sources */ = {isa = PBXBuildFile; fileRef = 3D2CA23B2C5B9E51008D2284 /* Action.swift */; };
		3D2CA23E2C5BBCDB008D2284 /* PubNubChat.PNPushType.swift in Sources */ = {isa = PBXBuildFile; fileRef = 3D2CA23D2C5BBCDB008D2284 /* PubNubChat.PNPushType.swift */; };
		3D2CA2402C5BBDB6008D2284 /* PubNubChat.PNPushEnvironment.swift in Sources */ = {isa = PBXBuildFile; fileRef = 3D2CA23F2C5BBDB6008D2284 /* PubNubChat.PNPushEnvironment.swift */; };
		3D2CA2442C5CFBE7008D2284 /* FutureResult.swift in Sources */ = {isa = PBXBuildFile; fileRef = 3D2CA2432C5CFBE7008D2284 /* FutureResult.swift */; };
		3D2CA2482C621876008D2284 /* MessageActionType.swift in Sources */ = {isa = PBXBuildFile; fileRef = 3D2CA2472C621876008D2284 /* MessageActionType.swift */; };
		3D334BD02C8EE9E500F8793C /* PubNub.PushService.swift in Sources */ = {isa = PBXBuildFile; fileRef = 3D334BCF2C8EE9E500F8793C /* PubNub.PushService.swift */; };
		3D334BD22C8EEAA800F8793C /* PubNub.PushEnvironment.swift in Sources */ = {isa = PBXBuildFile; fileRef = 3D334BD12C8EEAA800F8793C /* PubNub.PushEnvironment.swift */; };
		3D46D4292D11D8D2007D08DB /* BaseIntegrationTestCase.swift in Sources */ = {isa = PBXBuildFile; fileRef = 3D46D4282D11D8D2007D08DB /* BaseIntegrationTestCase.swift */; };
		3D46D4302D122C8F007D08DB /* IntegrationTestCaseConfiguration.swift in Sources */ = {isa = PBXBuildFile; fileRef = 3D46D42F2D122C8F007D08DB /* IntegrationTestCaseConfiguration.swift */; };
		3D46D4322D122CD6007D08DB /* RandomStringGenerator.swift in Sources */ = {isa = PBXBuildFile; fileRef = 3D46D4312D122CD6007D08DB /* RandomStringGenerator.swift */; };
		3D46D4372D12306A007D08DB /* Membership+AsyncAwait.swift in Sources */ = {isa = PBXBuildFile; fileRef = 3D46D4352D12302E007D08DB /* Membership+AsyncAwait.swift */; };
		3D46D43B2D1231F5007D08DB /* Channel+AsyncAwait.swift in Sources */ = {isa = PBXBuildFile; fileRef = 3D46D4392D1231F1007D08DB /* Channel+AsyncAwait.swift */; };
		3D46D43E2D123370007D08DB /* Chat+AsyncAwait.swift in Sources */ = {isa = PBXBuildFile; fileRef = 3D46D43C2D12335D007D08DB /* Chat+AsyncAwait.swift */; };
		3D46D4402D130526007D08DB /* Message+AsyncAwait.swift in Sources */ = {isa = PBXBuildFile; fileRef = 3D46D43F2D130526007D08DB /* Message+AsyncAwait.swift */; };
		3D46D4422D131BBC007D08DB /* ThreadMessage+AsyncAwait.swift in Sources */ = {isa = PBXBuildFile; fileRef = 3D46D4412D131BBC007D08DB /* ThreadMessage+AsyncAwait.swift */; };
		3D46D45A2D131EB2007D08DB /* PubNubSwiftChatSDK.framework in Frameworks */ = {isa = PBXBuildFile; fileRef = 3DB73A072C4FE13C007FE249 /* PubNubSwiftChatSDK.framework */; platformFilter = ios; };
		3D46D4612D131F42007D08DB /* BaseIntegrationTestCase.swift in Sources */ = {isa = PBXBuildFile; fileRef = 3D46D4282D11D8D2007D08DB /* BaseIntegrationTestCase.swift */; };
		3D46D4622D131FB3007D08DB /* BaseAsyncIntegrationTestCase.swift in Sources */ = {isa = PBXBuildFile; fileRef = 3D46D42A2D11DC8D007D08DB /* BaseAsyncIntegrationTestCase.swift */; };
		3D46D4632D131FC1007D08DB /* MembershipAsyncIntegrationTests.swift in Sources */ = {isa = PBXBuildFile; fileRef = 3D46D42C2D1213C0007D08DB /* MembershipAsyncIntegrationTests.swift */; };
		3D46D4642D131FD0007D08DB /* RandomStringGenerator.swift in Sources */ = {isa = PBXBuildFile; fileRef = 3D46D4312D122CD6007D08DB /* RandomStringGenerator.swift */; };
		3D46D4652D1320DA007D08DB /* PubNubSwiftChatSDKTests.plist in Resources */ = {isa = PBXBuildFile; fileRef = 3DB49E1A2C75F573006356ED /* PubNubSwiftChatSDKTests.plist */; };
		3D46D4672D1320F6007D08DB /* MessageAsyncIntegrationTests.swift in Sources */ = {isa = PBXBuildFile; fileRef = 3D46D4662D1320F6007D08DB /* MessageAsyncIntegrationTests.swift */; };
		3D46D4682D13287A007D08DB /* IntegrationTestCaseConfiguration.swift in Sources */ = {isa = PBXBuildFile; fileRef = 3D46D42F2D122C8F007D08DB /* IntegrationTestCaseConfiguration.swift */; };
		3D46D46A2D142035007D08DB /* ThreadMessageAsyncIntegrationTests.swift in Sources */ = {isa = PBXBuildFile; fileRef = 3D46D4692D142035007D08DB /* ThreadMessageAsyncIntegrationTests.swift */; };
		3D46D46C2D14BF2D007D08DB /* ChannelAsyncIntegrationTests.swift in Sources */ = {isa = PBXBuildFile; fileRef = 3D46D46B2D14BF2D007D08DB /* ChannelAsyncIntegrationTests.swift */; };
		3D7062C62D2D4A4F000729E1 /* ChatAsyncIntegrationTests.swift in Sources */ = {isa = PBXBuildFile; fileRef = 3D7062C52D2D4A4F000729E1 /* ChatAsyncIntegrationTests.swift */; };
		3D7062C82D2D82A5000729E1 /* User+AsyncAwait.swift in Sources */ = {isa = PBXBuildFile; fileRef = 3D7062C72D2D82A5000729E1 /* User+AsyncAwait.swift */; };
		3D7062CB2D2D8C27000729E1 /* UserAsyncIntegrationTests.swift in Sources */ = {isa = PBXBuildFile; fileRef = 3D7062C92D2D8BD9000729E1 /* UserAsyncIntegrationTests.swift */; };
		3D79EB862D0C40ED00F7AB56 /* PubNubChat.PubNubError.swift in Sources */ = {isa = PBXBuildFile; fileRef = 3D79EB852D0C40ED00F7AB56 /* PubNubChat.PubNubError.swift */; };
		3D7BBF6F2C8893D400FBA623 /* ChatAdapter.swift in Sources */ = {isa = PBXBuildFile; fileRef = 3D7BBF6E2C8893D400FBA623 /* ChatAdapter.swift */; };
		3D83621A2CC7B35200A21B9A /* MessageDraftChangeListener.swift in Sources */ = {isa = PBXBuildFile; fileRef = 3D8362192CC7B35200A21B9A /* MessageDraftChangeListener.swift */; };
		3D842D242C9DC0AA005C0B55 /* ErrorConstants.swift in Sources */ = {isa = PBXBuildFile; fileRef = 3D842D232C9DC0AA005C0B55 /* ErrorConstants.swift */; };
		3D9A17942CC1573100F3F8AB /* MessageDraft.swift in Sources */ = {isa = PBXBuildFile; fileRef = 3D9A17932CC1573100F3F8AB /* MessageDraft.swift */; };
		3D9A17962CC250A300F3F8AB /* MessageDraftImpl.swift in Sources */ = {isa = PBXBuildFile; fileRef = 3D9A17952CC250A300F3F8AB /* MessageDraftImpl.swift */; };
		3D9A179B2CC65A0700F3F8AB /* MessageDraftIntegrationTests.swift in Sources */ = {isa = PBXBuildFile; fileRef = 3D9A17992CC659E800F3F8AB /* MessageDraftIntegrationTests.swift */; };
		3DA530C62C87455200DDE763 /* ThreadChannelIntegrationTests.swift in Sources */ = {isa = PBXBuildFile; fileRef = 3DA530C52C87455200DDE763 /* ThreadChannelIntegrationTests.swift */; };
		3DA530C82C882F2500DDE763 /* ChatIntegrationTests.swift in Sources */ = {isa = PBXBuildFile; fileRef = 3DA530C72C882F2500DDE763 /* ChatIntegrationTests.swift */; };
		3DB2A8AF2C7F54A400167058 /* ChannelIntegrationTests.swift in Sources */ = {isa = PBXBuildFile; fileRef = 3DB2A8AE2C7F54A400167058 /* ChannelIntegrationTests.swift */; };
		3DB2A8B32C807DDC00167058 /* UserImpl.swift in Sources */ = {isa = PBXBuildFile; fileRef = 3DB2A8B22C807DDC00167058 /* UserImpl.swift */; };
		3DB2A8B52C807E2A00167058 /* MembershipImpl.swift in Sources */ = {isa = PBXBuildFile; fileRef = 3DB2A8B42C807E2A00167058 /* MembershipImpl.swift */; };
		3DB2A8B92C80993B00167058 /* ChannelType.swift in Sources */ = {isa = PBXBuildFile; fileRef = 3DB2A8B82C80993B00167058 /* ChannelType.swift */; };
		3DB2A8BB2C8099F300167058 /* EventContent.swift in Sources */ = {isa = PBXBuildFile; fileRef = 3DB2A8BA2C8099F300167058 /* EventContent.swift */; };
		3DB2A8BD2C809A1400167058 /* ChatError.swift in Sources */ = {isa = PBXBuildFile; fileRef = 3DB2A8BC2C809A1400167058 /* ChatError.swift */; };
		3DB2A8BF2C809B1F00167058 /* EmitEventMethod.swift in Sources */ = {isa = PBXBuildFile; fileRef = 3DB2A8BE2C809B1F00167058 /* EmitEventMethod.swift */; };
		3DB49E1B2C75F573006356ED /* PubNubSwiftChatSDKTests.plist in Resources */ = {isa = PBXBuildFile; fileRef = 3DB49E1A2C75F573006356ED /* PubNubSwiftChatSDKTests.plist */; };
		3DB49E1D2C75F70C006356ED /* UserIntegrationTests.swift in Sources */ = {isa = PBXBuildFile; fileRef = 3DB49E1C2C75F70C006356ED /* UserIntegrationTests.swift */; };
		3DB49E212C761BD1006356ED /* AutoCloseable.swift in Sources */ = {isa = PBXBuildFile; fileRef = 3DB49E202C761BD1006356ED /* AutoCloseable.swift */; };
		3DB49E282C777ECD006356ED /* MembershipIntegrationTests.swift in Sources */ = {isa = PBXBuildFile; fileRef = 3DB49E272C777ECD006356ED /* MembershipIntegrationTests.swift */; };
		3DB49E2A2C788529006356ED /* MessageIntegrationTests.swift in Sources */ = {isa = PBXBuildFile; fileRef = 3DB49E292C788529006356ED /* MessageIntegrationTests.swift */; };
		3DB551D12C7C652300634BDC /* PubNubSwiftChatSDK.framework in Frameworks */ = {isa = PBXBuildFile; fileRef = 3DB73A072C4FE13C007FE249 /* PubNubSwiftChatSDK.framework */; };
		3DB551DB2C7C983000634BDC /* ThreadMessageIntegrationTests.swift in Sources */ = {isa = PBXBuildFile; fileRef = 3DB551DA2C7C983000634BDC /* ThreadMessageIntegrationTests.swift */; };
		3DB5A3172E2F848A001741C8 /* ChannelGroup.swift in Sources */ = {isa = PBXBuildFile; fileRef = 3DB5A3162E2F848A001741C8 /* ChannelGroup.swift */; };
		3DB5A3192E2F900B001741C8 /* ChannelGroupImpl.swift in Sources */ = {isa = PBXBuildFile; fileRef = 3DB5A3182E2F900B001741C8 /* ChannelGroupImpl.swift */; };
		3DB5A31C2E2F9633001741C8 /* ChannelGroupIntegrationTests.swift in Sources */ = {isa = PBXBuildFile; fileRef = 3DB5A31B2E2F9633001741C8 /* ChannelGroupIntegrationTests.swift */; };
		3DB5A31E2E30D6DA001741C8 /* ChannelGroupAsyncIntegrationTests.swift in Sources */ = {isa = PBXBuildFile; fileRef = 3DB5A31D2E30D6DA001741C8 /* ChannelGroupAsyncIntegrationTests.swift */; };
		3DB5A3202E30D771001741C8 /* ChannelGroup+AsyncAwait.swift in Sources */ = {isa = PBXBuildFile; fileRef = 3DB5A31F2E30D771001741C8 /* ChannelGroup+AsyncAwait.swift */; };
		3DB73A0C2C4FE13C007FE249 /* PubNubSwiftChatSDK.docc in Sources */ = {isa = PBXBuildFile; fileRef = 3DB73A0B2C4FE13C007FE249 /* PubNubSwiftChatSDK.docc */; };
		3DB73A172C4FE13C007FE249 /* BaseClosureIntegrationTestCase.swift in Sources */ = {isa = PBXBuildFile; fileRef = 3DB73A162C4FE13C007FE249 /* BaseClosureIntegrationTestCase.swift */; };
		3DB73A182C4FE13C007FE249 /* PubNubSwiftChatSDK.h in Headers */ = {isa = PBXBuildFile; fileRef = 3DB73A0A2C4FE13C007FE249 /* PubNubSwiftChatSDK.h */; settings = {ATTRIBUTES = (Public, ); }; };
		3DB73A262C4FE1F6007FE249 /* ChatConfiguration.swift in Sources */ = {isa = PBXBuildFile; fileRef = 3DB73A242C4FE1F6007FE249 /* ChatConfiguration.swift */; };
		3DB73A272C4FE1F6007FE249 /* Chat.swift in Sources */ = {isa = PBXBuildFile; fileRef = 3DB73A252C4FE1F6007FE249 /* Chat.swift */; };
		3DB73A352C502688007FE249 /* Int.swift in Sources */ = {isa = PBXBuildFile; fileRef = 3DB73A342C502688007FE249 /* Int.swift */; };
		3DB73A372C5026B4007FE249 /* PubNubHashedPage.swift in Sources */ = {isa = PBXBuildFile; fileRef = 3DB73A362C5026B4007FE249 /* PubNubHashedPage.swift */; };
		3DB73A392C5026E5007FE249 /* PubNub.MembershipSortField.swift in Sources */ = {isa = PBXBuildFile; fileRef = 3DB73A382C5026E5007FE249 /* PubNub.MembershipSortField.swift */; };
		3DB73A3C2C50F42B007FE249 /* User.swift in Sources */ = {isa = PBXBuildFile; fileRef = 3DB73A3B2C50F42B007FE249 /* User.swift */; };
		3DB73A3E2C50F5F3007FE249 /* Membership.swift in Sources */ = {isa = PBXBuildFile; fileRef = 3DB73A3D2C50F5F3007FE249 /* Membership.swift */; };
		3DB73A402C51051C007FE249 /* Channel.swift in Sources */ = {isa = PBXBuildFile; fileRef = 3DB73A3F2C51051C007FE249 /* Channel.swift */; };
		3DB73A422C511900007FE249 /* Message.swift in Sources */ = {isa = PBXBuildFile; fileRef = 3DB73A412C511900007FE249 /* Message.swift */; };
		3DB73A452C511D52007FE249 /* Restriction.swift in Sources */ = {isa = PBXBuildFile; fileRef = 3DB73A442C511D52007FE249 /* Restriction.swift */; };
		3DB73A472C51353B007FE249 /* MessageMentionedUser.swift in Sources */ = {isa = PBXBuildFile; fileRef = 3DB73A462C51353B007FE249 /* MessageMentionedUser.swift */; };
		3DB73A492C513578007FE249 /* MessageReferencedChannel.swift in Sources */ = {isa = PBXBuildFile; fileRef = 3DB73A482C513578007FE249 /* MessageReferencedChannel.swift */; };
		3DB73A4B2C5135C3007FE249 /* QuotedMessage.swift in Sources */ = {isa = PBXBuildFile; fileRef = 3DB73A4A2C5135C3007FE249 /* QuotedMessage.swift */; };
		3DB73A4D2C513646007FE249 /* TextLink.swift in Sources */ = {isa = PBXBuildFile; fileRef = 3DB73A4C2C513646007FE249 /* TextLink.swift */; };
		3DB73A4F2C52881A007FE249 /* PubNubChat.ChannelType.swift in Sources */ = {isa = PBXBuildFile; fileRef = 3DB73A4E2C52881A007FE249 /* PubNubChat.ChannelType.swift */; };
		3DB73A512C539421007FE249 /* InputFile.swift in Sources */ = {isa = PBXBuildFile; fileRef = 3DB73A502C539421007FE249 /* InputFile.swift */; };
		3DB73A532C53A20C007FE249 /* MessageImpl.swift in Sources */ = {isa = PBXBuildFile; fileRef = 3DB73A522C53A20C007FE249 /* MessageImpl.swift */; };
		3DB73A552C53A22F007FE249 /* ThreadMessageImpl.swift in Sources */ = {isa = PBXBuildFile; fileRef = 3DB73A542C53A22F007FE249 /* ThreadMessageImpl.swift */; };
		3DB73A592C53BF18007FE249 /* GetFileItem.swift in Sources */ = {isa = PBXBuildFile; fileRef = 3DB73A582C53BF18007FE249 /* GetFileItem.swift */; };
		3DB73A5B2C53CAB1007FE249 /* BaseChannel.swift in Sources */ = {isa = PBXBuildFile; fileRef = 3DB73A5A2C53CAB1007FE249 /* BaseChannel.swift */; };
		3DB73A5D2C53CC0A007FE249 /* ThreadChannelImpl.swift in Sources */ = {isa = PBXBuildFile; fileRef = 3DB73A5C2C53CC0A007FE249 /* ThreadChannelImpl.swift */; };
		3DB73A632C579938007FE249 /* PubNub.ObjectSortField.swift in Sources */ = {isa = PBXBuildFile; fileRef = 3DB73A622C579938007FE249 /* PubNub.ObjectSortField.swift */; };
		3DB73A652C57A782007FE249 /* CreateDirectConversationResult.swift in Sources */ = {isa = PBXBuildFile; fileRef = 3DB73A642C57A782007FE249 /* CreateDirectConversationResult.swift */; };
		3DB73A672C57A8C5007FE249 /* CreateGroupConversationResult.swift in Sources */ = {isa = PBXBuildFile; fileRef = 3DB73A662C57A8C5007FE249 /* CreateGroupConversationResult.swift */; };
		3DB73A692C57AA1B007FE249 /* PubNubChat.KotlinArray.swift in Sources */ = {isa = PBXBuildFile; fileRef = 3DB73A682C57AA1B007FE249 /* PubNubChat.KotlinArray.swift */; };
		3DB73A6B2C57B9D8007FE249 /* GetUnreadMessagesCount.swift in Sources */ = {isa = PBXBuildFile; fileRef = 3DB73A6A2C57B9D8007FE249 /* GetUnreadMessagesCount.swift */; };
		3DB73A6D2C57BB35007FE249 /* BaseMessage.swift in Sources */ = {isa = PBXBuildFile; fileRef = 3DB73A6C2C57BB35007FE249 /* BaseMessage.swift */; };
		3DB73A6F2C57BB97007FE249 /* ChannelImpl.swift in Sources */ = {isa = PBXBuildFile; fileRef = 3DB73A6E2C57BB97007FE249 /* ChannelImpl.swift */; };
		3DB73A712C57C034007FE249 /* Event.swift in Sources */ = {isa = PBXBuildFile; fileRef = 3DB73A702C57C034007FE249 /* Event.swift */; };
		3DB73A732C57CE9E007FE249 /* PubNubChat.RestrictionType.swift in Sources */ = {isa = PBXBuildFile; fileRef = 3DB73A722C57CE9E007FE249 /* PubNubChat.RestrictionType.swift */; };
		3DB73A752C57D073007FE249 /* PubNubChat.Event.swift in Sources */ = {isa = PBXBuildFile; fileRef = 3DB73A742C57D073007FE249 /* PubNubChat.Event.swift */; };
		3DB73A7B2C57EA29007FE249 /* ChatImpl.swift in Sources */ = {isa = PBXBuildFile; fileRef = 3DB73A7A2C57EA29007FE249 /* ChatImpl.swift */; };
		3DB73A7D2C57EA94007FE249 /* Timetoken.swift in Sources */ = {isa = PBXBuildFile; fileRef = 3DB73A7C2C57EA94007FE249 /* Timetoken.swift */; };
		3DB73A7F2C58CCAE007FE249 /* GetCurrentUserMentionsResult.swift in Sources */ = {isa = PBXBuildFile; fileRef = 3DB73A7E2C58CCAE007FE249 /* GetCurrentUserMentionsResult.swift */; };
		3DCF7DFC2CD0FFCC00889326 /* PubNubSDK in Frameworks */ = {isa = PBXBuildFile; productRef = 3DCF7DFB2CD0FFCC00889326 /* PubNubSDK */; };
/* End PBXBuildFile section */

/* Begin PBXContainerItemProxy section */
		3D46D45B2D131EB2007D08DB /* PBXContainerItemProxy */ = {
			isa = PBXContainerItemProxy;
			containerPortal = 3DB739FE2C4FE13C007FE249 /* Project object */;
			proxyType = 1;
			remoteGlobalIDString = 3DB73A062C4FE13C007FE249;
			remoteInfo = PubNubSwiftChatSDK;
		};
		3DB551D32C7C652300634BDC /* PBXContainerItemProxy */ = {
			isa = PBXContainerItemProxy;
			containerPortal = 3DB739FE2C4FE13C007FE249 /* Project object */;
			proxyType = 1;
			remoteGlobalIDString = 3DB73A062C4FE13C007FE249;
			remoteInfo = PubNubChatSDK;
		};
/* End PBXContainerItemProxy section */

/* Begin PBXCopyFilesBuildPhase section */
		3DB551D92C7C654600634BDC /* Embed Frameworks */ = {
			isa = PBXCopyFilesBuildPhase;
			buildActionMask = 2147483647;
			dstPath = "";
			dstSubfolderSpec = 10;
			files = (
			);
			name = "Embed Frameworks";
			runOnlyForDeploymentPostprocessing = 0;
		};
/* End PBXCopyFilesBuildPhase section */

/* Begin PBXFileReference section */
		3D043A792CA6AAA000F91C05 /* ThreadChannel.swift */ = {isa = PBXFileReference; lastKnownFileType = sourcecode.swift; path = ThreadChannel.swift; sourceTree = "<group>"; };
		3D043A7B2CAAABBD00F91C05 /* ThreadMessage.swift */ = {isa = PBXFileReference; lastKnownFileType = sourcecode.swift; path = ThreadMessage.swift; sourceTree = "<group>"; };
		3D043A7D2CAC190200F91C05 /* Constants.swift */ = {isa = PBXFileReference; lastKnownFileType = sourcecode.swift; path = Constants.swift; sourceTree = "<group>"; };
		3D0F90D12D48DB4700986686 /* MutedUsersManagerInterface.swift */ = {isa = PBXFileReference; fileEncoding = 4; lastKnownFileType = sourcecode.swift; path = MutedUsersManagerInterface.swift; sourceTree = "<group>"; };
		3D0F90D42D48DEC700986686 /* MutedUsersManagerInterface+AsyncAwait.swift */ = {isa = PBXFileReference; lastKnownFileType = sourcecode.swift; path = "MutedUsersManagerInterface+AsyncAwait.swift"; sourceTree = "<group>"; };
		3D1CE5222D79DED800617200 /* String+Helpers.swift */ = {isa = PBXFileReference; lastKnownFileType = sourcecode.swift; path = "String+Helpers.swift"; sourceTree = "<group>"; };
		3D1E67D62E3CBC84001454C1 /* ConnectionStatus.swift */ = {isa = PBXFileReference; lastKnownFileType = sourcecode.swift; path = ConnectionStatus.swift; sourceTree = "<group>"; };
		3D27B8CF2D2D9A61003AD459 /* ThreadChannelAsyncIntegrationTests.swift */ = {isa = PBXFileReference; lastKnownFileType = sourcecode.swift; path = ThreadChannelAsyncIntegrationTests.swift; sourceTree = "<group>"; };
		3D27B8D12D2D9BBB003AD459 /* ThreadChannel+AsyncAwait.swift */ = {isa = PBXFileReference; lastKnownFileType = sourcecode.swift; path = "ThreadChannel+AsyncAwait.swift"; sourceTree = "<group>"; };
		3D27B8D32D2EAEA5003AD459 /* MessageDraftAsyncIntegrationTests.swift */ = {isa = PBXFileReference; lastKnownFileType = sourcecode.swift; path = MessageDraftAsyncIntegrationTests.swift; sourceTree = "<group>"; };
		3D27B8D52D2EAF86003AD459 /* MessageDraft+AsyncAwait.swift */ = {isa = PBXFileReference; lastKnownFileType = sourcecode.swift; path = "MessageDraft+AsyncAwait.swift"; sourceTree = "<group>"; };
		3D2CA2352C5B9320008D2284 /* PubNubChat+Transform.swift */ = {isa = PBXFileReference; lastKnownFileType = sourcecode.swift; path = "PubNubChat+Transform.swift"; sourceTree = "<group>"; };
		3D2CA2372C5B9ACA008D2284 /* File.swift */ = {isa = PBXFileReference; lastKnownFileType = sourcecode.swift; path = File.swift; sourceTree = "<group>"; };
		3D2CA2392C5B9CF6008D2284 /* Dictionary.swift */ = {isa = PBXFileReference; lastKnownFileType = sourcecode.swift; path = Dictionary.swift; sourceTree = "<group>"; };
		3D2CA23B2C5B9E51008D2284 /* Action.swift */ = {isa = PBXFileReference; lastKnownFileType = sourcecode.swift; path = Action.swift; sourceTree = "<group>"; };
		3D2CA23D2C5BBCDB008D2284 /* PubNubChat.PNPushType.swift */ = {isa = PBXFileReference; lastKnownFileType = sourcecode.swift; path = PubNubChat.PNPushType.swift; sourceTree = "<group>"; };
		3D2CA23F2C5BBDB6008D2284 /* PubNubChat.PNPushEnvironment.swift */ = {isa = PBXFileReference; lastKnownFileType = sourcecode.swift; path = PubNubChat.PNPushEnvironment.swift; sourceTree = "<group>"; };
		3D2CA2432C5CFBE7008D2284 /* FutureResult.swift */ = {isa = PBXFileReference; lastKnownFileType = sourcecode.swift; path = FutureResult.swift; sourceTree = "<group>"; };
		3D2CA2472C621876008D2284 /* MessageActionType.swift */ = {isa = PBXFileReference; lastKnownFileType = sourcecode.swift; path = MessageActionType.swift; sourceTree = "<group>"; };
		3D334BCF2C8EE9E500F8793C /* PubNub.PushService.swift */ = {isa = PBXFileReference; lastKnownFileType = sourcecode.swift; path = PubNub.PushService.swift; sourceTree = "<group>"; };
		3D334BD12C8EEAA800F8793C /* PubNub.PushEnvironment.swift */ = {isa = PBXFileReference; lastKnownFileType = sourcecode.swift; path = PubNub.PushEnvironment.swift; sourceTree = "<group>"; };
		3D46D4282D11D8D2007D08DB /* BaseIntegrationTestCase.swift */ = {isa = PBXFileReference; lastKnownFileType = sourcecode.swift; path = BaseIntegrationTestCase.swift; sourceTree = "<group>"; };
		3D46D42A2D11DC8D007D08DB /* BaseAsyncIntegrationTestCase.swift */ = {isa = PBXFileReference; lastKnownFileType = sourcecode.swift; path = BaseAsyncIntegrationTestCase.swift; sourceTree = "<group>"; };
		3D46D42C2D1213C0007D08DB /* MembershipAsyncIntegrationTests.swift */ = {isa = PBXFileReference; lastKnownFileType = sourcecode.swift; path = MembershipAsyncIntegrationTests.swift; sourceTree = "<group>"; };
		3D46D42F2D122C8F007D08DB /* IntegrationTestCaseConfiguration.swift */ = {isa = PBXFileReference; lastKnownFileType = sourcecode.swift; path = IntegrationTestCaseConfiguration.swift; sourceTree = "<group>"; };
		3D46D4312D122CD6007D08DB /* RandomStringGenerator.swift */ = {isa = PBXFileReference; lastKnownFileType = sourcecode.swift; path = RandomStringGenerator.swift; sourceTree = "<group>"; };
		3D46D4352D12302E007D08DB /* Membership+AsyncAwait.swift */ = {isa = PBXFileReference; lastKnownFileType = sourcecode.swift; path = "Membership+AsyncAwait.swift"; sourceTree = "<group>"; };
		3D46D4392D1231F1007D08DB /* Channel+AsyncAwait.swift */ = {isa = PBXFileReference; lastKnownFileType = sourcecode.swift; path = "Channel+AsyncAwait.swift"; sourceTree = "<group>"; };
		3D46D43C2D12335D007D08DB /* Chat+AsyncAwait.swift */ = {isa = PBXFileReference; lastKnownFileType = sourcecode.swift; path = "Chat+AsyncAwait.swift"; sourceTree = "<group>"; };
		3D46D43F2D130526007D08DB /* Message+AsyncAwait.swift */ = {isa = PBXFileReference; lastKnownFileType = sourcecode.swift; path = "Message+AsyncAwait.swift"; sourceTree = "<group>"; };
		3D46D4412D131BBC007D08DB /* ThreadMessage+AsyncAwait.swift */ = {isa = PBXFileReference; lastKnownFileType = sourcecode.swift; path = "ThreadMessage+AsyncAwait.swift"; sourceTree = "<group>"; };
		3D46D4432D131D5A007D08DB /* PubNubSwiftChatSDKAsyncTests.xctestplan */ = {isa = PBXFileReference; lastKnownFileType = text; path = PubNubSwiftChatSDKAsyncTests.xctestplan; sourceTree = "<group>"; };
		3D46D4562D131EB2007D08DB /* PubNubSwiftChatSDKAsyncTests.xctest */ = {isa = PBXFileReference; explicitFileType = wrapper.cfbundle; includeInIndex = 0; path = PubNubSwiftChatSDKAsyncTests.xctest; sourceTree = BUILT_PRODUCTS_DIR; };
		3D46D4662D1320F6007D08DB /* MessageAsyncIntegrationTests.swift */ = {isa = PBXFileReference; lastKnownFileType = sourcecode.swift; path = MessageAsyncIntegrationTests.swift; sourceTree = "<group>"; };
		3D46D4692D142035007D08DB /* ThreadMessageAsyncIntegrationTests.swift */ = {isa = PBXFileReference; lastKnownFileType = sourcecode.swift; path = ThreadMessageAsyncIntegrationTests.swift; sourceTree = "<group>"; };
		3D46D46B2D14BF2D007D08DB /* ChannelAsyncIntegrationTests.swift */ = {isa = PBXFileReference; lastKnownFileType = sourcecode.swift; path = ChannelAsyncIntegrationTests.swift; sourceTree = "<group>"; };
		3D7062C52D2D4A4F000729E1 /* ChatAsyncIntegrationTests.swift */ = {isa = PBXFileReference; lastKnownFileType = sourcecode.swift; path = ChatAsyncIntegrationTests.swift; sourceTree = "<group>"; };
		3D7062C72D2D82A5000729E1 /* User+AsyncAwait.swift */ = {isa = PBXFileReference; lastKnownFileType = sourcecode.swift; path = "User+AsyncAwait.swift"; sourceTree = "<group>"; };
		3D7062C92D2D8BD9000729E1 /* UserAsyncIntegrationTests.swift */ = {isa = PBXFileReference; lastKnownFileType = sourcecode.swift; path = UserAsyncIntegrationTests.swift; sourceTree = "<group>"; };
		3D79EB852D0C40ED00F7AB56 /* PubNubChat.PubNubError.swift */ = {isa = PBXFileReference; lastKnownFileType = sourcecode.swift; path = PubNubChat.PubNubError.swift; sourceTree = "<group>"; };
		3D7BBF6E2C8893D400FBA623 /* ChatAdapter.swift */ = {isa = PBXFileReference; lastKnownFileType = sourcecode.swift; path = ChatAdapter.swift; sourceTree = "<group>"; };
		3D8362192CC7B35200A21B9A /* MessageDraftChangeListener.swift */ = {isa = PBXFileReference; lastKnownFileType = sourcecode.swift; path = MessageDraftChangeListener.swift; sourceTree = "<group>"; };
		3D842D232C9DC0AA005C0B55 /* ErrorConstants.swift */ = {isa = PBXFileReference; lastKnownFileType = sourcecode.swift; path = ErrorConstants.swift; sourceTree = "<group>"; };
		3D842D2B2C9DD7EB005C0B55 /* PubNubSwiftChatSDKTests.xctestplan */ = {isa = PBXFileReference; lastKnownFileType = text; path = PubNubSwiftChatSDKTests.xctestplan; sourceTree = "<group>"; };
		3D9A17932CC1573100F3F8AB /* MessageDraft.swift */ = {isa = PBXFileReference; lastKnownFileType = sourcecode.swift; path = MessageDraft.swift; sourceTree = "<group>"; };
		3D9A17952CC250A300F3F8AB /* MessageDraftImpl.swift */ = {isa = PBXFileReference; lastKnownFileType = sourcecode.swift; path = MessageDraftImpl.swift; sourceTree = "<group>"; };
		3D9A17992CC659E800F3F8AB /* MessageDraftIntegrationTests.swift */ = {isa = PBXFileReference; lastKnownFileType = sourcecode.swift; path = MessageDraftIntegrationTests.swift; sourceTree = "<group>"; };
		3DA530C52C87455200DDE763 /* ThreadChannelIntegrationTests.swift */ = {isa = PBXFileReference; lastKnownFileType = sourcecode.swift; path = ThreadChannelIntegrationTests.swift; sourceTree = "<group>"; };
		3DA530C72C882F2500DDE763 /* ChatIntegrationTests.swift */ = {isa = PBXFileReference; lastKnownFileType = sourcecode.swift; path = ChatIntegrationTests.swift; sourceTree = "<group>"; };
		3DADCAED2C9896AF001B3DE2 /* Package.swift */ = {isa = PBXFileReference; fileEncoding = 4; lastKnownFileType = sourcecode.swift; path = Package.swift; sourceTree = "<group>"; };
		3DB2A8AE2C7F54A400167058 /* ChannelIntegrationTests.swift */ = {isa = PBXFileReference; lastKnownFileType = sourcecode.swift; path = ChannelIntegrationTests.swift; sourceTree = "<group>"; };
		3DB2A8B22C807DDC00167058 /* UserImpl.swift */ = {isa = PBXFileReference; lastKnownFileType = sourcecode.swift; path = UserImpl.swift; sourceTree = "<group>"; };
		3DB2A8B42C807E2A00167058 /* MembershipImpl.swift */ = {isa = PBXFileReference; lastKnownFileType = sourcecode.swift; path = MembershipImpl.swift; sourceTree = "<group>"; };
		3DB2A8B82C80993B00167058 /* ChannelType.swift */ = {isa = PBXFileReference; lastKnownFileType = sourcecode.swift; path = ChannelType.swift; sourceTree = "<group>"; };
		3DB2A8BA2C8099F300167058 /* EventContent.swift */ = {isa = PBXFileReference; fileEncoding = 4; lastKnownFileType = sourcecode.swift; path = EventContent.swift; sourceTree = "<group>"; };
		3DB2A8BC2C809A1400167058 /* ChatError.swift */ = {isa = PBXFileReference; fileEncoding = 4; lastKnownFileType = sourcecode.swift; path = ChatError.swift; sourceTree = "<group>"; };
		3DB2A8BE2C809B1F00167058 /* EmitEventMethod.swift */ = {isa = PBXFileReference; lastKnownFileType = sourcecode.swift; path = EmitEventMethod.swift; sourceTree = "<group>"; };
		3DB49E1A2C75F573006356ED /* PubNubSwiftChatSDKTests.plist */ = {isa = PBXFileReference; lastKnownFileType = text.plist.xml; path = PubNubSwiftChatSDKTests.plist; sourceTree = "<group>"; };
		3DB49E1C2C75F70C006356ED /* UserIntegrationTests.swift */ = {isa = PBXFileReference; lastKnownFileType = sourcecode.swift; path = UserIntegrationTests.swift; sourceTree = "<group>"; };
		3DB49E202C761BD1006356ED /* AutoCloseable.swift */ = {isa = PBXFileReference; lastKnownFileType = sourcecode.swift; path = AutoCloseable.swift; sourceTree = "<group>"; };
		3DB49E272C777ECD006356ED /* MembershipIntegrationTests.swift */ = {isa = PBXFileReference; lastKnownFileType = sourcecode.swift; path = MembershipIntegrationTests.swift; sourceTree = "<group>"; };
		3DB49E292C788529006356ED /* MessageIntegrationTests.swift */ = {isa = PBXFileReference; lastKnownFileType = sourcecode.swift; path = MessageIntegrationTests.swift; sourceTree = "<group>"; };
		3DB551DA2C7C983000634BDC /* ThreadMessageIntegrationTests.swift */ = {isa = PBXFileReference; lastKnownFileType = sourcecode.swift; path = ThreadMessageIntegrationTests.swift; sourceTree = "<group>"; };
		3DB5A3162E2F848A001741C8 /* ChannelGroup.swift */ = {isa = PBXFileReference; lastKnownFileType = sourcecode.swift; path = ChannelGroup.swift; sourceTree = "<group>"; };
		3DB5A3182E2F900B001741C8 /* ChannelGroupImpl.swift */ = {isa = PBXFileReference; lastKnownFileType = sourcecode.swift; path = ChannelGroupImpl.swift; sourceTree = "<group>"; };
		3DB5A31B2E2F9633001741C8 /* ChannelGroupIntegrationTests.swift */ = {isa = PBXFileReference; lastKnownFileType = sourcecode.swift; path = ChannelGroupIntegrationTests.swift; sourceTree = "<group>"; };
		3DB5A31D2E30D6DA001741C8 /* ChannelGroupAsyncIntegrationTests.swift */ = {isa = PBXFileReference; lastKnownFileType = sourcecode.swift; path = ChannelGroupAsyncIntegrationTests.swift; sourceTree = "<group>"; };
		3DB5A31F2E30D771001741C8 /* ChannelGroup+AsyncAwait.swift */ = {isa = PBXFileReference; lastKnownFileType = sourcecode.swift; path = "ChannelGroup+AsyncAwait.swift"; sourceTree = "<group>"; };
		3DB73A072C4FE13C007FE249 /* PubNubSwiftChatSDK.framework */ = {isa = PBXFileReference; explicitFileType = wrapper.framework; includeInIndex = 0; path = PubNubSwiftChatSDK.framework; sourceTree = BUILT_PRODUCTS_DIR; };
		3DB73A0A2C4FE13C007FE249 /* PubNubSwiftChatSDK.h */ = {isa = PBXFileReference; lastKnownFileType = sourcecode.c.h; path = PubNubSwiftChatSDK.h; sourceTree = "<group>"; };
		3DB73A0B2C4FE13C007FE249 /* PubNubSwiftChatSDK.docc */ = {isa = PBXFileReference; lastKnownFileType = folder.documentationcatalog; path = PubNubSwiftChatSDK.docc; sourceTree = "<group>"; };
		3DB73A112C4FE13C007FE249 /* PubNubSwiftChatSDKTests.xctest */ = {isa = PBXFileReference; explicitFileType = wrapper.cfbundle; includeInIndex = 0; path = PubNubSwiftChatSDKTests.xctest; sourceTree = BUILT_PRODUCTS_DIR; };
		3DB73A162C4FE13C007FE249 /* BaseClosureIntegrationTestCase.swift */ = {isa = PBXFileReference; lastKnownFileType = sourcecode.swift; path = BaseClosureIntegrationTestCase.swift; sourceTree = "<group>"; };
		3DB73A242C4FE1F6007FE249 /* ChatConfiguration.swift */ = {isa = PBXFileReference; fileEncoding = 4; lastKnownFileType = sourcecode.swift; path = ChatConfiguration.swift; sourceTree = "<group>"; };
		3DB73A252C4FE1F6007FE249 /* Chat.swift */ = {isa = PBXFileReference; fileEncoding = 4; lastKnownFileType = sourcecode.swift; path = Chat.swift; sourceTree = "<group>"; };
		3DB73A342C502688007FE249 /* Int.swift */ = {isa = PBXFileReference; lastKnownFileType = sourcecode.swift; path = Int.swift; sourceTree = "<group>"; };
		3DB73A362C5026B4007FE249 /* PubNubHashedPage.swift */ = {isa = PBXFileReference; lastKnownFileType = sourcecode.swift; path = PubNubHashedPage.swift; sourceTree = "<group>"; };
		3DB73A382C5026E5007FE249 /* PubNub.MembershipSortField.swift */ = {isa = PBXFileReference; lastKnownFileType = sourcecode.swift; path = PubNub.MembershipSortField.swift; sourceTree = "<group>"; };
		3DB73A3B2C50F42B007FE249 /* User.swift */ = {isa = PBXFileReference; fileEncoding = 4; lastKnownFileType = sourcecode.swift; path = User.swift; sourceTree = "<group>"; };
		3DB73A3D2C50F5F3007FE249 /* Membership.swift */ = {isa = PBXFileReference; lastKnownFileType = sourcecode.swift; path = Membership.swift; sourceTree = "<group>"; };
		3DB73A3F2C51051C007FE249 /* Channel.swift */ = {isa = PBXFileReference; lastKnownFileType = sourcecode.swift; path = Channel.swift; sourceTree = "<group>"; };
		3DB73A412C511900007FE249 /* Message.swift */ = {isa = PBXFileReference; lastKnownFileType = sourcecode.swift; path = Message.swift; sourceTree = "<group>"; };
		3DB73A442C511D52007FE249 /* Restriction.swift */ = {isa = PBXFileReference; lastKnownFileType = sourcecode.swift; path = Restriction.swift; sourceTree = "<group>"; };
		3DB73A462C51353B007FE249 /* MessageMentionedUser.swift */ = {isa = PBXFileReference; lastKnownFileType = sourcecode.swift; path = MessageMentionedUser.swift; sourceTree = "<group>"; };
		3DB73A482C513578007FE249 /* MessageReferencedChannel.swift */ = {isa = PBXFileReference; lastKnownFileType = sourcecode.swift; path = MessageReferencedChannel.swift; sourceTree = "<group>"; };
		3DB73A4A2C5135C3007FE249 /* QuotedMessage.swift */ = {isa = PBXFileReference; lastKnownFileType = sourcecode.swift; path = QuotedMessage.swift; sourceTree = "<group>"; };
		3DB73A4C2C513646007FE249 /* TextLink.swift */ = {isa = PBXFileReference; lastKnownFileType = sourcecode.swift; path = TextLink.swift; sourceTree = "<group>"; };
		3DB73A4E2C52881A007FE249 /* PubNubChat.ChannelType.swift */ = {isa = PBXFileReference; lastKnownFileType = sourcecode.swift; path = PubNubChat.ChannelType.swift; sourceTree = "<group>"; };
		3DB73A502C539421007FE249 /* InputFile.swift */ = {isa = PBXFileReference; lastKnownFileType = sourcecode.swift; path = InputFile.swift; sourceTree = "<group>"; };
		3DB73A522C53A20C007FE249 /* MessageImpl.swift */ = {isa = PBXFileReference; lastKnownFileType = sourcecode.swift; path = MessageImpl.swift; sourceTree = "<group>"; };
		3DB73A542C53A22F007FE249 /* ThreadMessageImpl.swift */ = {isa = PBXFileReference; lastKnownFileType = sourcecode.swift; path = ThreadMessageImpl.swift; sourceTree = "<group>"; };
		3DB73A582C53BF18007FE249 /* GetFileItem.swift */ = {isa = PBXFileReference; lastKnownFileType = sourcecode.swift; path = GetFileItem.swift; sourceTree = "<group>"; };
		3DB73A5A2C53CAB1007FE249 /* BaseChannel.swift */ = {isa = PBXFileReference; lastKnownFileType = sourcecode.swift; path = BaseChannel.swift; sourceTree = "<group>"; };
		3DB73A5C2C53CC0A007FE249 /* ThreadChannelImpl.swift */ = {isa = PBXFileReference; lastKnownFileType = sourcecode.swift; path = ThreadChannelImpl.swift; sourceTree = "<group>"; };
		3DB73A622C579938007FE249 /* PubNub.ObjectSortField.swift */ = {isa = PBXFileReference; lastKnownFileType = sourcecode.swift; path = PubNub.ObjectSortField.swift; sourceTree = "<group>"; };
		3DB73A642C57A782007FE249 /* CreateDirectConversationResult.swift */ = {isa = PBXFileReference; lastKnownFileType = sourcecode.swift; path = CreateDirectConversationResult.swift; sourceTree = "<group>"; };
		3DB73A662C57A8C5007FE249 /* CreateGroupConversationResult.swift */ = {isa = PBXFileReference; lastKnownFileType = sourcecode.swift; path = CreateGroupConversationResult.swift; sourceTree = "<group>"; };
		3DB73A682C57AA1B007FE249 /* PubNubChat.KotlinArray.swift */ = {isa = PBXFileReference; lastKnownFileType = sourcecode.swift; path = PubNubChat.KotlinArray.swift; sourceTree = "<group>"; };
		3DB73A6A2C57B9D8007FE249 /* GetUnreadMessagesCount.swift */ = {isa = PBXFileReference; lastKnownFileType = sourcecode.swift; path = GetUnreadMessagesCount.swift; sourceTree = "<group>"; };
		3DB73A6C2C57BB35007FE249 /* BaseMessage.swift */ = {isa = PBXFileReference; lastKnownFileType = sourcecode.swift; path = BaseMessage.swift; sourceTree = "<group>"; };
		3DB73A6E2C57BB97007FE249 /* ChannelImpl.swift */ = {isa = PBXFileReference; lastKnownFileType = sourcecode.swift; path = ChannelImpl.swift; sourceTree = "<group>"; };
		3DB73A702C57C034007FE249 /* Event.swift */ = {isa = PBXFileReference; lastKnownFileType = sourcecode.swift; path = Event.swift; sourceTree = "<group>"; };
		3DB73A722C57CE9E007FE249 /* PubNubChat.RestrictionType.swift */ = {isa = PBXFileReference; lastKnownFileType = sourcecode.swift; path = PubNubChat.RestrictionType.swift; sourceTree = "<group>"; };
		3DB73A742C57D073007FE249 /* PubNubChat.Event.swift */ = {isa = PBXFileReference; lastKnownFileType = sourcecode.swift; path = PubNubChat.Event.swift; sourceTree = "<group>"; };
		3DB73A7A2C57EA29007FE249 /* ChatImpl.swift */ = {isa = PBXFileReference; lastKnownFileType = sourcecode.swift; path = ChatImpl.swift; sourceTree = "<group>"; };
		3DB73A7C2C57EA94007FE249 /* Timetoken.swift */ = {isa = PBXFileReference; lastKnownFileType = sourcecode.swift; path = Timetoken.swift; sourceTree = "<group>"; };
		3DB73A7E2C58CCAE007FE249 /* GetCurrentUserMentionsResult.swift */ = {isa = PBXFileReference; lastKnownFileType = sourcecode.swift; path = GetCurrentUserMentionsResult.swift; sourceTree = "<group>"; };
/* End PBXFileReference section */

/* Begin PBXFrameworksBuildPhase section */
		3D46D4532D131EB2007D08DB /* Frameworks */ = {
			isa = PBXFrameworksBuildPhase;
			buildActionMask = 2147483647;
			files = (
				3D46D45A2D131EB2007D08DB /* PubNubSwiftChatSDK.framework in Frameworks */,
			);
			runOnlyForDeploymentPostprocessing = 0;
		};
		3DB73A042C4FE13C007FE249 /* Frameworks */ = {
			isa = PBXFrameworksBuildPhase;
			buildActionMask = 2147483647;
			files = (
				3D2813212D7B4EF4004623A0 /* PubNubChat in Frameworks */,
				3DCF7DFC2CD0FFCC00889326 /* PubNubSDK in Frameworks */,
			);
			runOnlyForDeploymentPostprocessing = 0;
		};
		3DB73A0E2C4FE13C007FE249 /* Frameworks */ = {
			isa = PBXFrameworksBuildPhase;
			buildActionMask = 2147483647;
			files = (
				3DB551D12C7C652300634BDC /* PubNubSwiftChatSDK.framework in Frameworks */,
			);
			runOnlyForDeploymentPostprocessing = 0;
		};
/* End PBXFrameworksBuildPhase section */

/* Begin PBXGroup section */
		3D0F90D22D48DB4700986686 /* MutedUsers */ = {
			isa = PBXGroup;
			children = (
				3D0F90D12D48DB4700986686 /* MutedUsersManagerInterface.swift */,
				3D0F90D42D48DEC700986686 /* MutedUsersManagerInterface+AsyncAwait.swift */,
			);
			path = MutedUsers;
			sourceTree = "<group>";
		};
		3D46D42E2D122C30007D08DB /* Common */ = {
			isa = PBXGroup;
			children = (
				3D46D42F2D122C8F007D08DB /* IntegrationTestCaseConfiguration.swift */,
				3D46D4312D122CD6007D08DB /* RandomStringGenerator.swift */,
			);
			path = Common;
			sourceTree = "<group>";
		};
		3D46D4382D12310F007D08DB /* AsyncAwait */ = {
			isa = PBXGroup;
			children = (
				3D46D42A2D11DC8D007D08DB /* BaseAsyncIntegrationTestCase.swift */,
				3D46D42C2D1213C0007D08DB /* MembershipAsyncIntegrationTests.swift */,
				3D46D4662D1320F6007D08DB /* MessageAsyncIntegrationTests.swift */,
				3D46D4692D142035007D08DB /* ThreadMessageAsyncIntegrationTests.swift */,
				3D46D46B2D14BF2D007D08DB /* ChannelAsyncIntegrationTests.swift */,
				3D27B8CF2D2D9A61003AD459 /* ThreadChannelAsyncIntegrationTests.swift */,
				3D7062C52D2D4A4F000729E1 /* ChatAsyncIntegrationTests.swift */,
				3D7062C92D2D8BD9000729E1 /* UserAsyncIntegrationTests.swift */,
				3D27B8D32D2EAEA5003AD459 /* MessageDraftAsyncIntegrationTests.swift */,
				3DB5A31D2E30D6DA001741C8 /* ChannelGroupAsyncIntegrationTests.swift */,
			);
			path = AsyncAwait;
			sourceTree = "<group>";
		};
		3D9A17922CC156F100F3F8AB /* MessageDraft */ = {
			isa = PBXGroup;
			children = (
				3D9A17932CC1573100F3F8AB /* MessageDraft.swift */,
				3D27B8D52D2EAF86003AD459 /* MessageDraft+AsyncAwait.swift */,
				3D8362192CC7B35200A21B9A /* MessageDraftChangeListener.swift */,
				3D9A17952CC250A300F3F8AB /* MessageDraftImpl.swift */,
			);
			path = MessageDraft;
			sourceTree = "<group>";
		};
		3DB49DE92C75E0C3006356ED /* Frameworks */ = {
			isa = PBXGroup;
			children = (
			);
			name = Frameworks;
			sourceTree = "<group>";
		};
		3DB739FD2C4FE13B007FE249 = {
			isa = PBXGroup;
			children = (
				3DADCAED2C9896AF001B3DE2 /* Package.swift */,
				3DB73A232C4FE1E9007FE249 /* Sources */,
				3DB73A092C4FE13C007FE249 /* PubNubSwiftChatSDK */,
				3DB73A152C4FE13C007FE249 /* Tests */,
				3DB73A082C4FE13C007FE249 /* Products */,
				3DB49DE92C75E0C3006356ED /* Frameworks */,
			);
			sourceTree = "<group>";
		};
		3DB73A082C4FE13C007FE249 /* Products */ = {
			isa = PBXGroup;
			children = (
				3DB73A072C4FE13C007FE249 /* PubNubSwiftChatSDK.framework */,
				3DB73A112C4FE13C007FE249 /* PubNubSwiftChatSDKTests.xctest */,
				3D46D4562D131EB2007D08DB /* PubNubSwiftChatSDKAsyncTests.xctest */,
			);
			name = Products;
			sourceTree = "<group>";
		};
		3DB73A092C4FE13C007FE249 /* PubNubSwiftChatSDK */ = {
			isa = PBXGroup;
			children = (
				3DB73A0A2C4FE13C007FE249 /* PubNubSwiftChatSDK.h */,
				3DB73A0B2C4FE13C007FE249 /* PubNubSwiftChatSDK.docc */,
			);
			path = PubNubSwiftChatSDK;
			sourceTree = "<group>";
		};
		3DB73A152C4FE13C007FE249 /* Tests */ = {
			isa = PBXGroup;
			children = (
				3DB49E1A2C75F573006356ED /* PubNubSwiftChatSDKTests.plist */,
				3D842D2B2C9DD7EB005C0B55 /* PubNubSwiftChatSDKTests.xctestplan */,
				3D46D4432D131D5A007D08DB /* PubNubSwiftChatSDKAsyncTests.xctestplan */,
				3D46D42E2D122C30007D08DB /* Common */,
				3D46D4382D12310F007D08DB /* AsyncAwait */,
				3D46D4282D11D8D2007D08DB /* BaseIntegrationTestCase.swift */,
				3DB73A162C4FE13C007FE249 /* BaseClosureIntegrationTestCase.swift */,
				3DA530C72C882F2500DDE763 /* ChatIntegrationTests.swift */,
				3DB2A8AE2C7F54A400167058 /* ChannelIntegrationTests.swift */,
				3DB49E272C777ECD006356ED /* MembershipIntegrationTests.swift */,
				3DB49E292C788529006356ED /* MessageIntegrationTests.swift */,
				3DB551DA2C7C983000634BDC /* ThreadMessageIntegrationTests.swift */,
				3DA530C52C87455200DDE763 /* ThreadChannelIntegrationTests.swift */,
				3D9A17992CC659E800F3F8AB /* MessageDraftIntegrationTests.swift */,
				3DB49E1C2C75F70C006356ED /* UserIntegrationTests.swift */,
				3DB5A31B2E2F9633001741C8 /* ChannelGroupIntegrationTests.swift */,
			);
			path = Tests;
			sourceTree = "<group>";
		};
		3DB73A232C4FE1E9007FE249 /* Sources */ = {
			isa = PBXGroup;
			children = (
				3DB73A252C4FE1F6007FE249 /* Chat.swift */,
				3D46D43C2D12335D007D08DB /* Chat+AsyncAwait.swift */,
				3DB73A7A2C57EA29007FE249 /* ChatImpl.swift */,
				3DB73A242C4FE1F6007FE249 /* ChatConfiguration.swift */,
				3D0F90D22D48DB4700986686 /* MutedUsers */,
				3D9A17922CC156F100F3F8AB /* MessageDraft */,
				3DB73A432C511D36007FE249 /* Models */,
				3DB73A3A2C50F415007FE249 /* Entities */,
				3DB73A312C502670007FE249 /* Extensions */,
				3DB73A2C2C501790007FE249 /* Miscellaneous */,
			);
			path = Sources;
			sourceTree = "<group>";
		};
		3DB73A2C2C501790007FE249 /* Miscellaneous */ = {
			isa = PBXGroup;
			children = (
				3D2CA2432C5CFBE7008D2284 /* FutureResult.swift */,
				3DB49E202C761BD1006356ED /* AutoCloseable.swift */,
				3D7BBF6E2C8893D400FBA623 /* ChatAdapter.swift */,
				3D842D232C9DC0AA005C0B55 /* ErrorConstants.swift */,
				3D043A7D2CAC190200F91C05 /* Constants.swift */,
				3D1CE5222D79DED800617200 /* String+Helpers.swift */,
			);
			path = Miscellaneous;
			sourceTree = "<group>";
		};
		3DB73A312C502670007FE249 /* Extensions */ = {
			isa = PBXGroup;
			children = (
				3DB73A342C502688007FE249 /* Int.swift */,
				3D2CA2392C5B9CF6008D2284 /* Dictionary.swift */,
				3DB73A7C2C57EA94007FE249 /* Timetoken.swift */,
				3DB73A362C5026B4007FE249 /* PubNubHashedPage.swift */,
				3DB73A382C5026E5007FE249 /* PubNub.MembershipSortField.swift */,
				3DB73A622C579938007FE249 /* PubNub.ObjectSortField.swift */,
				3D334BCF2C8EE9E500F8793C /* PubNub.PushService.swift */,
				3D334BD12C8EEAA800F8793C /* PubNub.PushEnvironment.swift */,
				3D2CA2352C5B9320008D2284 /* PubNubChat+Transform.swift */,
				3DB73A4E2C52881A007FE249 /* PubNubChat.ChannelType.swift */,
				3DB73A682C57AA1B007FE249 /* PubNubChat.KotlinArray.swift */,
				3DB73A722C57CE9E007FE249 /* PubNubChat.RestrictionType.swift */,
				3D2CA23D2C5BBCDB008D2284 /* PubNubChat.PNPushType.swift */,
				3D2CA23F2C5BBDB6008D2284 /* PubNubChat.PNPushEnvironment.swift */,
				3DB73A742C57D073007FE249 /* PubNubChat.Event.swift */,
				3D79EB852D0C40ED00F7AB56 /* PubNubChat.PubNubError.swift */,
			);
			path = Extensions;
			sourceTree = "<group>";
		};
		3DB73A3A2C50F415007FE249 /* Entities */ = {
			isa = PBXGroup;
			children = (
				3DB73A3B2C50F42B007FE249 /* User.swift */,
				3D7062C72D2D82A5000729E1 /* User+AsyncAwait.swift */,
				3DB2A8B22C807DDC00167058 /* UserImpl.swift */,
				3DB73A3F2C51051C007FE249 /* Channel.swift */,
				3D46D4392D1231F1007D08DB /* Channel+AsyncAwait.swift */,
				3D043A792CA6AAA000F91C05 /* ThreadChannel.swift */,
				3D27B8D12D2D9BBB003AD459 /* ThreadChannel+AsyncAwait.swift */,
				3DB73A5A2C53CAB1007FE249 /* BaseChannel.swift */,
				3DB73A6E2C57BB97007FE249 /* ChannelImpl.swift */,
				3DB73A5C2C53CC0A007FE249 /* ThreadChannelImpl.swift */,
				3DB73A3D2C50F5F3007FE249 /* Membership.swift */,
				3D46D4352D12302E007D08DB /* Membership+AsyncAwait.swift */,
				3DB2A8B42C807E2A00167058 /* MembershipImpl.swift */,
				3DB73A412C511900007FE249 /* Message.swift */,
				3D46D43F2D130526007D08DB /* Message+AsyncAwait.swift */,
				3D043A7B2CAAABBD00F91C05 /* ThreadMessage.swift */,
				3D46D4412D131BBC007D08DB /* ThreadMessage+AsyncAwait.swift */,
				3DB73A6C2C57BB35007FE249 /* BaseMessage.swift */,
				3DB73A522C53A20C007FE249 /* MessageImpl.swift */,
				3DB73A542C53A22F007FE249 /* ThreadMessageImpl.swift */,
				3DB5A3162E2F848A001741C8 /* ChannelGroup.swift */,
				3DB5A3182E2F900B001741C8 /* ChannelGroupImpl.swift */,
				3DB5A31F2E30D771001741C8 /* ChannelGroup+AsyncAwait.swift */,
			);
			path = Entities;
			sourceTree = "<group>";
		};
		3DB73A432C511D36007FE249 /* Models */ = {
			isa = PBXGroup;
			children = (
				3D2CA23B2C5B9E51008D2284 /* Action.swift */,
				3DB2A8BA2C8099F300167058 /* EventContent.swift */,
				3DB2A8BC2C809A1400167058 /* ChatError.swift */,
				3DB73A442C511D52007FE249 /* Restriction.swift */,
				3DB73A462C51353B007FE249 /* MessageMentionedUser.swift */,
				3DB73A482C513578007FE249 /* MessageReferencedChannel.swift */,
				3DB73A4A2C5135C3007FE249 /* QuotedMessage.swift */,
				3DB73A4C2C513646007FE249 /* TextLink.swift */,
				3DB73A502C539421007FE249 /* InputFile.swift */,
				3DB73A582C53BF18007FE249 /* GetFileItem.swift */,
				3DB73A642C57A782007FE249 /* CreateDirectConversationResult.swift */,
				3DB73A662C57A8C5007FE249 /* CreateGroupConversationResult.swift */,
				3DB73A6A2C57B9D8007FE249 /* GetUnreadMessagesCount.swift */,
				3DB73A702C57C034007FE249 /* Event.swift */,
				3DB73A7E2C58CCAE007FE249 /* GetCurrentUserMentionsResult.swift */,
				3D2CA2372C5B9ACA008D2284 /* File.swift */,
				3D2CA2472C621876008D2284 /* MessageActionType.swift */,
				3DB2A8B82C80993B00167058 /* ChannelType.swift */,
				3DB2A8BE2C809B1F00167058 /* EmitEventMethod.swift */,
				3D1E67D62E3CBC84001454C1 /* ConnectionStatus.swift */,
			);
			path = Models;
			sourceTree = "<group>";
		};
/* End PBXGroup section */

/* Begin PBXHeadersBuildPhase section */
		3DB73A022C4FE13C007FE249 /* Headers */ = {
			isa = PBXHeadersBuildPhase;
			buildActionMask = 2147483647;
			files = (
				3DB73A182C4FE13C007FE249 /* PubNubSwiftChatSDK.h in Headers */,
			);
			runOnlyForDeploymentPostprocessing = 0;
		};
/* End PBXHeadersBuildPhase section */

/* Begin PBXNativeTarget section */
		3D46D4552D131EB2007D08DB /* PubNubSwiftChatSDKAsyncTests */ = {
			isa = PBXNativeTarget;
			buildConfigurationList = 3D46D45F2D131EB2007D08DB /* Build configuration list for PBXNativeTarget "PubNubSwiftChatSDKAsyncTests" */;
			buildPhases = (
				3D46D4522D131EB2007D08DB /* Sources */,
				3D46D4532D131EB2007D08DB /* Frameworks */,
				3D46D4542D131EB2007D08DB /* Resources */,
			);
			buildRules = (
			);
			dependencies = (
				3D46D45C2D131EB2007D08DB /* PBXTargetDependency */,
			);
			name = PubNubSwiftChatSDKAsyncTests;
			productName = PubNubSwiftChatSDKAsyncTests;
			productReference = 3D46D4562D131EB2007D08DB /* PubNubSwiftChatSDKAsyncTests.xctest */;
			productType = "com.apple.product-type.bundle.unit-test";
		};
		3DB73A062C4FE13C007FE249 /* PubNubSwiftChatSDK */ = {
			isa = PBXNativeTarget;
			buildConfigurationList = 3DB73A1B2C4FE13C007FE249 /* Build configuration list for PBXNativeTarget "PubNubSwiftChatSDK" */;
			buildPhases = (
				3DB73A022C4FE13C007FE249 /* Headers */,
				3DB73A032C4FE13C007FE249 /* Sources */,
				3DB73A042C4FE13C007FE249 /* Frameworks */,
				3DB73A052C4FE13C007FE249 /* Resources */,
			);
			buildRules = (
			);
			dependencies = (
			);
			name = PubNubSwiftChatSDK;
			packageProductDependencies = (
				3DCF7DFB2CD0FFCC00889326 /* PubNubSDK */,
				3D2813202D7B4EF4004623A0 /* PubNubChat */,
			);
			productName = PubNubChatSDK;
			productReference = 3DB73A072C4FE13C007FE249 /* PubNubSwiftChatSDK.framework */;
			productType = "com.apple.product-type.framework";
		};
		3DB73A102C4FE13C007FE249 /* PubNubSwiftChatSDKTests */ = {
			isa = PBXNativeTarget;
			buildConfigurationList = 3DB73A1E2C4FE13C007FE249 /* Build configuration list for PBXNativeTarget "PubNubSwiftChatSDKTests" */;
			buildPhases = (
				3DB73A0D2C4FE13C007FE249 /* Sources */,
				3DB73A0E2C4FE13C007FE249 /* Frameworks */,
				3DB73A0F2C4FE13C007FE249 /* Resources */,
				3DB551D92C7C654600634BDC /* Embed Frameworks */,
			);
			buildRules = (
			);
			dependencies = (
				3DB551D42C7C652300634BDC /* PBXTargetDependency */,
			);
			name = PubNubSwiftChatSDKTests;
			productName = PubNubChatSDKTests;
			productReference = 3DB73A112C4FE13C007FE249 /* PubNubSwiftChatSDKTests.xctest */;
			productType = "com.apple.product-type.bundle.unit-test";
		};
/* End PBXNativeTarget section */

/* Begin PBXProject section */
		3DB739FE2C4FE13C007FE249 /* Project object */ = {
			isa = PBXProject;
			attributes = {
				BuildIndependentTargetsInParallel = 1;
				LastSwiftUpdateCheck = 1530;
				LastUpgradeCheck = 1530;
				TargetAttributes = {
					3D46D4552D131EB2007D08DB = {
						CreatedOnToolsVersion = 15.3;
					};
					3DB73A062C4FE13C007FE249 = {
						CreatedOnToolsVersion = 15.3;
					};
					3DB73A102C4FE13C007FE249 = {
						CreatedOnToolsVersion = 15.3;
					};
				};
			};
			buildConfigurationList = 3DB73A012C4FE13C007FE249 /* Build configuration list for PBXProject "PubNubSwiftChatSDK" */;
			compatibilityVersion = "Xcode 14.0";
			developmentRegion = en;
			hasScannedForEncodings = 0;
			knownRegions = (
				en,
				Base,
			);
			mainGroup = 3DB739FD2C4FE13B007FE249;
			packageReferences = (
				3DCF7DFA2CD0FFCC00889326 /* XCRemoteSwiftPackageReference "swift" */,
				3D28131F2D7B4EF4004623A0 /* XCRemoteSwiftPackageReference "kmp-chat" */,
			);
			productRefGroup = 3DB73A082C4FE13C007FE249 /* Products */;
			projectDirPath = "";
			projectRoot = "";
			targets = (
				3DB73A062C4FE13C007FE249 /* PubNubSwiftChatSDK */,
				3DB73A102C4FE13C007FE249 /* PubNubSwiftChatSDKTests */,
				3D46D4552D131EB2007D08DB /* PubNubSwiftChatSDKAsyncTests */,
			);
		};
/* End PBXProject section */

/* Begin PBXResourcesBuildPhase section */
		3D46D4542D131EB2007D08DB /* Resources */ = {
			isa = PBXResourcesBuildPhase;
			buildActionMask = 2147483647;
			files = (
				3D46D4652D1320DA007D08DB /* PubNubSwiftChatSDKTests.plist in Resources */,
			);
			runOnlyForDeploymentPostprocessing = 0;
		};
		3DB73A052C4FE13C007FE249 /* Resources */ = {
			isa = PBXResourcesBuildPhase;
			buildActionMask = 2147483647;
			files = (
			);
			runOnlyForDeploymentPostprocessing = 0;
		};
		3DB73A0F2C4FE13C007FE249 /* Resources */ = {
			isa = PBXResourcesBuildPhase;
			buildActionMask = 2147483647;
			files = (
				3DB49E1B2C75F573006356ED /* PubNubSwiftChatSDKTests.plist in Resources */,
			);
			runOnlyForDeploymentPostprocessing = 0;
		};
/* End PBXResourcesBuildPhase section */

/* Begin PBXSourcesBuildPhase section */
		3D46D4522D131EB2007D08DB /* Sources */ = {
			isa = PBXSourcesBuildPhase;
			buildActionMask = 2147483647;
			files = (
				3D46D4642D131FD0007D08DB /* RandomStringGenerator.swift in Sources */,
				3D46D4682D13287A007D08DB /* IntegrationTestCaseConfiguration.swift in Sources */,
				3D7062CB2D2D8C27000729E1 /* UserAsyncIntegrationTests.swift in Sources */,
				3D46D4672D1320F6007D08DB /* MessageAsyncIntegrationTests.swift in Sources */,
				3D46D4632D131FC1007D08DB /* MembershipAsyncIntegrationTests.swift in Sources */,
				3D46D4612D131F42007D08DB /* BaseIntegrationTestCase.swift in Sources */,
				3DB5A31E2E30D6DA001741C8 /* ChannelGroupAsyncIntegrationTests.swift in Sources */,
				3D46D46A2D142035007D08DB /* ThreadMessageAsyncIntegrationTests.swift in Sources */,
				3D46D4622D131FB3007D08DB /* BaseAsyncIntegrationTestCase.swift in Sources */,
				3D46D46C2D14BF2D007D08DB /* ChannelAsyncIntegrationTests.swift in Sources */,
				3D27B8D42D2EAEA6003AD459 /* MessageDraftAsyncIntegrationTests.swift in Sources */,
				3D7062C62D2D4A4F000729E1 /* ChatAsyncIntegrationTests.swift in Sources */,
				3D27B8D02D2D9A61003AD459 /* ThreadChannelAsyncIntegrationTests.swift in Sources */,
			);
			runOnlyForDeploymentPostprocessing = 0;
		};
		3DB73A032C4FE13C007FE249 /* Sources */ = {
			isa = PBXSourcesBuildPhase;
			buildActionMask = 2147483647;
			files = (
				3DB73A392C5026E5007FE249 /* PubNub.MembershipSortField.swift in Sources */,
				3D7BBF6F2C8893D400FBA623 /* ChatAdapter.swift in Sources */,
				3DB73A0C2C4FE13C007FE249 /* PubNubSwiftChatSDK.docc in Sources */,
				3D2CA2402C5BBDB6008D2284 /* PubNubChat.PNPushEnvironment.swift in Sources */,
				3DB73A4D2C513646007FE249 /* TextLink.swift in Sources */,
				3DB73A692C57AA1B007FE249 /* PubNubChat.KotlinArray.swift in Sources */,
				3D9A17942CC1573100F3F8AB /* MessageDraft.swift in Sources */,
				3D83621A2CC7B35200A21B9A /* MessageDraftChangeListener.swift in Sources */,
				3D2CA2442C5CFBE7008D2284 /* FutureResult.swift in Sources */,
				3DB73A372C5026B4007FE249 /* PubNubHashedPage.swift in Sources */,
				3DB73A6F2C57BB97007FE249 /* ChannelImpl.swift in Sources */,
				3DB73A402C51051C007FE249 /* Channel.swift in Sources */,
				3D46D43B2D1231F5007D08DB /* Channel+AsyncAwait.swift in Sources */,
				3D2CA23C2C5B9E51008D2284 /* Action.swift in Sources */,
				3DB2A8B32C807DDC00167058 /* UserImpl.swift in Sources */,
				3D46D43E2D123370007D08DB /* Chat+AsyncAwait.swift in Sources */,
				3DB73A452C511D52007FE249 /* Restriction.swift in Sources */,
				3DB73A552C53A22F007FE249 /* ThreadMessageImpl.swift in Sources */,
				3DB5A3202E30D771001741C8 /* ChannelGroup+AsyncAwait.swift in Sources */,
				3D2CA2382C5B9ACA008D2284 /* File.swift in Sources */,
				3DB5A3192E2F900B001741C8 /* ChannelGroupImpl.swift in Sources */,
				3D1E67D72E3CBC84001454C1 /* ConnectionStatus.swift in Sources */,
				3DB73A752C57D073007FE249 /* PubNubChat.Event.swift in Sources */,
				3D2CA2362C5B9320008D2284 /* PubNubChat+Transform.swift in Sources */,
				3DB73A492C513578007FE249 /* MessageReferencedChannel.swift in Sources */,
				3DB5A3172E2F848A001741C8 /* ChannelGroup.swift in Sources */,
				3DB73A352C502688007FE249 /* Int.swift in Sources */,
				3DB73A632C579938007FE249 /* PubNub.ObjectSortField.swift in Sources */,
				3DB73A732C57CE9E007FE249 /* PubNubChat.RestrictionType.swift in Sources */,
				3DB73A262C4FE1F6007FE249 /* ChatConfiguration.swift in Sources */,
				3D2CA2482C621876008D2284 /* MessageActionType.swift in Sources */,
				3D46D4372D12306A007D08DB /* Membership+AsyncAwait.swift in Sources */,
				3DB73A272C4FE1F6007FE249 /* Chat.swift in Sources */,
				3DB73A472C51353B007FE249 /* MessageMentionedUser.swift in Sources */,
				3DB73A7D2C57EA94007FE249 /* Timetoken.swift in Sources */,
				3DB73A712C57C034007FE249 /* Event.swift in Sources */,
				3D043A7A2CA6AAA000F91C05 /* ThreadChannel.swift in Sources */,
				3DB2A8BD2C809A1400167058 /* ChatError.swift in Sources */,
				3DB73A3C2C50F42B007FE249 /* User.swift in Sources */,
				3DB73A652C57A782007FE249 /* CreateDirectConversationResult.swift in Sources */,
				3D27B8D62D2EAF86003AD459 /* MessageDraft+AsyncAwait.swift in Sources */,
				3DB73A5D2C53CC0A007FE249 /* ThreadChannelImpl.swift in Sources */,
				3D334BD22C8EEAA800F8793C /* PubNub.PushEnvironment.swift in Sources */,
				3D79EB862D0C40ED00F7AB56 /* PubNubChat.PubNubError.swift in Sources */,
				3DB73A4F2C52881A007FE249 /* PubNubChat.ChannelType.swift in Sources */,
				3DB73A6B2C57B9D8007FE249 /* GetUnreadMessagesCount.swift in Sources */,
				3DB49E212C761BD1006356ED /* AutoCloseable.swift in Sources */,
				3DB73A532C53A20C007FE249 /* MessageImpl.swift in Sources */,
				3D1CE5232D79DED800617200 /* String+Helpers.swift in Sources */,
				3DB73A672C57A8C5007FE249 /* CreateGroupConversationResult.swift in Sources */,
				3DB2A8B52C807E2A00167058 /* MembershipImpl.swift in Sources */,
				3D0F90D32D48DB4700986686 /* MutedUsersManagerInterface.swift in Sources */,
				3DB2A8B92C80993B00167058 /* ChannelType.swift in Sources */,
				3D46D4402D130526007D08DB /* Message+AsyncAwait.swift in Sources */,
				3DB73A592C53BF18007FE249 /* GetFileItem.swift in Sources */,
				3D2CA23E2C5BBCDB008D2284 /* PubNubChat.PNPushType.swift in Sources */,
				3DB2A8BF2C809B1F00167058 /* EmitEventMethod.swift in Sources */,
				3DB73A6D2C57BB35007FE249 /* BaseMessage.swift in Sources */,
				3DB73A5B2C53CAB1007FE249 /* BaseChannel.swift in Sources */,
				3DB73A7F2C58CCAE007FE249 /* GetCurrentUserMentionsResult.swift in Sources */,
				3D0F90D52D48DEC700986686 /* MutedUsersManagerInterface+AsyncAwait.swift in Sources */,
				3D043A7E2CAC190200F91C05 /* Constants.swift in Sources */,
				3D7062C82D2D82A5000729E1 /* User+AsyncAwait.swift in Sources */,
				3DB73A3E2C50F5F3007FE249 /* Membership.swift in Sources */,
				3DB73A7B2C57EA29007FE249 /* ChatImpl.swift in Sources */,
				3D2CA23A2C5B9CF6008D2284 /* Dictionary.swift in Sources */,
				3DB73A422C511900007FE249 /* Message.swift in Sources */,
				3D9A17962CC250A300F3F8AB /* MessageDraftImpl.swift in Sources */,
				3DB73A4B2C5135C3007FE249 /* QuotedMessage.swift in Sources */,
				3D27B8D22D2D9BBB003AD459 /* ThreadChannel+AsyncAwait.swift in Sources */,
				3D043A7C2CAAABBD00F91C05 /* ThreadMessage.swift in Sources */,
				3D46D4422D131BBC007D08DB /* ThreadMessage+AsyncAwait.swift in Sources */,
				3DB2A8BB2C8099F300167058 /* EventContent.swift in Sources */,
				3D334BD02C8EE9E500F8793C /* PubNub.PushService.swift in Sources */,
				3DB73A512C539421007FE249 /* InputFile.swift in Sources */,
				3D842D242C9DC0AA005C0B55 /* ErrorConstants.swift in Sources */,
			);
			runOnlyForDeploymentPostprocessing = 0;
		};
		3DB73A0D2C4FE13C007FE249 /* Sources */ = {
			isa = PBXSourcesBuildPhase;
			buildActionMask = 2147483647;
			files = (
				3DB49E1D2C75F70C006356ED /* UserIntegrationTests.swift in Sources */,
				3D46D4322D122CD6007D08DB /* RandomStringGenerator.swift in Sources */,
				3DA530C62C87455200DDE763 /* ThreadChannelIntegrationTests.swift in Sources */,
				3DB2A8AF2C7F54A400167058 /* ChannelIntegrationTests.swift in Sources */,
				3D46D4302D122C8F007D08DB /* IntegrationTestCaseConfiguration.swift in Sources */,
				3DB49E2A2C788529006356ED /* MessageIntegrationTests.swift in Sources */,
				3DB49E282C777ECD006356ED /* MembershipIntegrationTests.swift in Sources */,
				3DA530C82C882F2500DDE763 /* ChatIntegrationTests.swift in Sources */,
				3DB551DB2C7C983000634BDC /* ThreadMessageIntegrationTests.swift in Sources */,
				3D46D4292D11D8D2007D08DB /* BaseIntegrationTestCase.swift in Sources */,
				3D9A179B2CC65A0700F3F8AB /* MessageDraftIntegrationTests.swift in Sources */,
				3DB5A31C2E2F9633001741C8 /* ChannelGroupIntegrationTests.swift in Sources */,
				3DB73A172C4FE13C007FE249 /* BaseClosureIntegrationTestCase.swift in Sources */,
			);
			runOnlyForDeploymentPostprocessing = 0;
		};
/* End PBXSourcesBuildPhase section */

/* Begin PBXTargetDependency section */
		3D46D45C2D131EB2007D08DB /* PBXTargetDependency */ = {
			isa = PBXTargetDependency;
			platformFilter = ios;
			target = 3DB73A062C4FE13C007FE249 /* PubNubSwiftChatSDK */;
			targetProxy = 3D46D45B2D131EB2007D08DB /* PBXContainerItemProxy */;
		};
		3DB551D42C7C652300634BDC /* PBXTargetDependency */ = {
			isa = PBXTargetDependency;
			target = 3DB73A062C4FE13C007FE249 /* PubNubSwiftChatSDK */;
			targetProxy = 3DB551D32C7C652300634BDC /* PBXContainerItemProxy */;
		};
/* End PBXTargetDependency section */

/* Begin XCBuildConfiguration section */
		3D46D45D2D131EB2007D08DB /* Debug */ = {
			isa = XCBuildConfiguration;
			buildSettings = {
				CODE_SIGN_STYLE = Automatic;
				CURRENT_PROJECT_VERSION = 1;
				GENERATE_INFOPLIST_FILE = YES;
				IPHONEOS_DEPLOYMENT_TARGET = 14.0;
				MARKETING_VERSION = 1.0;
				PRODUCT_BUNDLE_IDENTIFIER = com.pubnub.PubNubSwiftChatSDKAsyncTests;
				PRODUCT_NAME = "$(TARGET_NAME)";
				SWIFT_EMIT_LOC_STRINGS = NO;
				SWIFT_VERSION = 5.0;
				TARGETED_DEVICE_FAMILY = "1,2";
			};
			name = Debug;
		};
		3D46D45E2D131EB2007D08DB /* Release */ = {
			isa = XCBuildConfiguration;
			buildSettings = {
				CODE_SIGN_STYLE = Automatic;
				CURRENT_PROJECT_VERSION = 1;
				GENERATE_INFOPLIST_FILE = YES;
				IPHONEOS_DEPLOYMENT_TARGET = 14.0;
				MARKETING_VERSION = 1.0;
				PRODUCT_BUNDLE_IDENTIFIER = com.pubnub.PubNubSwiftChatSDKAsyncTests;
				PRODUCT_NAME = "$(TARGET_NAME)";
				SWIFT_EMIT_LOC_STRINGS = NO;
				SWIFT_VERSION = 5.0;
				TARGETED_DEVICE_FAMILY = "1,2";
			};
			name = Release;
		};
		3DB73A192C4FE13C007FE249 /* Debug */ = {
			isa = XCBuildConfiguration;
			buildSettings = {
				ALWAYS_SEARCH_USER_PATHS = NO;
				ASSETCATALOG_COMPILER_GENERATE_SWIFT_ASSET_SYMBOL_EXTENSIONS = YES;
				CLANG_ANALYZER_NONNULL = YES;
				CLANG_ANALYZER_NUMBER_OBJECT_CONVERSION = YES_AGGRESSIVE;
				CLANG_CXX_LANGUAGE_STANDARD = "gnu++20";
				CLANG_ENABLE_MODULES = YES;
				CLANG_ENABLE_OBJC_ARC = YES;
				CLANG_ENABLE_OBJC_WEAK = YES;
				CLANG_WARN_BLOCK_CAPTURE_AUTORELEASING = YES;
				CLANG_WARN_BOOL_CONVERSION = YES;
				CLANG_WARN_COMMA = YES;
				CLANG_WARN_CONSTANT_CONVERSION = YES;
				CLANG_WARN_DEPRECATED_OBJC_IMPLEMENTATIONS = YES;
				CLANG_WARN_DIRECT_OBJC_ISA_USAGE = YES_ERROR;
				CLANG_WARN_DOCUMENTATION_COMMENTS = YES;
				CLANG_WARN_EMPTY_BODY = YES;
				CLANG_WARN_ENUM_CONVERSION = YES;
				CLANG_WARN_INFINITE_RECURSION = YES;
				CLANG_WARN_INT_CONVERSION = YES;
				CLANG_WARN_NON_LITERAL_NULL_CONVERSION = YES;
				CLANG_WARN_OBJC_IMPLICIT_RETAIN_SELF = YES;
				CLANG_WARN_OBJC_LITERAL_CONVERSION = YES;
				CLANG_WARN_OBJC_ROOT_CLASS = YES_ERROR;
				CLANG_WARN_QUOTED_INCLUDE_IN_FRAMEWORK_HEADER = YES;
				CLANG_WARN_RANGE_LOOP_ANALYSIS = YES;
				CLANG_WARN_STRICT_PROTOTYPES = YES;
				CLANG_WARN_SUSPICIOUS_MOVE = YES;
				CLANG_WARN_UNGUARDED_AVAILABILITY = YES_AGGRESSIVE;
				CLANG_WARN_UNREACHABLE_CODE = YES;
				CLANG_WARN__DUPLICATE_METHOD_MATCH = YES;
				COPY_PHASE_STRIP = NO;
				CURRENT_PROJECT_VERSION = 1;
				DEBUG_INFORMATION_FORMAT = dwarf;
				ENABLE_STRICT_OBJC_MSGSEND = YES;
				ENABLE_TESTABILITY = YES;
				ENABLE_USER_SCRIPT_SANDBOXING = YES;
				GCC_C_LANGUAGE_STANDARD = gnu17;
				GCC_DYNAMIC_NO_PIC = NO;
				GCC_NO_COMMON_BLOCKS = YES;
				GCC_OPTIMIZATION_LEVEL = 0;
				GCC_PREPROCESSOR_DEFINITIONS = (
					"DEBUG=1",
					"$(inherited)",
				);
				GCC_WARN_64_TO_32_BIT_CONVERSION = YES;
				GCC_WARN_ABOUT_RETURN_TYPE = YES_ERROR;
				GCC_WARN_UNDECLARED_SELECTOR = YES;
				GCC_WARN_UNINITIALIZED_AUTOS = YES_AGGRESSIVE;
				GCC_WARN_UNUSED_FUNCTION = YES;
				GCC_WARN_UNUSED_VARIABLE = YES;
				IPHONEOS_DEPLOYMENT_TARGET = 14.0;
				LOCALIZATION_PREFERS_STRING_CATALOGS = YES;
				MTL_ENABLE_DEBUG_INFO = INCLUDE_SOURCE;
				MTL_FAST_MATH = YES;
				ONLY_ACTIVE_ARCH = YES;
				SDKROOT = iphoneos;
				SWIFT_ACTIVE_COMPILATION_CONDITIONS = "DEBUG $(inherited)";
				SWIFT_OPTIMIZATION_LEVEL = "-Onone";
				VERSIONING_SYSTEM = "apple-generic";
				VERSION_INFO_PREFIX = "";
			};
			name = Debug;
		};
		3DB73A1A2C4FE13C007FE249 /* Release */ = {
			isa = XCBuildConfiguration;
			buildSettings = {
				ALWAYS_SEARCH_USER_PATHS = NO;
				ASSETCATALOG_COMPILER_GENERATE_SWIFT_ASSET_SYMBOL_EXTENSIONS = YES;
				CLANG_ANALYZER_NONNULL = YES;
				CLANG_ANALYZER_NUMBER_OBJECT_CONVERSION = YES_AGGRESSIVE;
				CLANG_CXX_LANGUAGE_STANDARD = "gnu++20";
				CLANG_ENABLE_MODULES = YES;
				CLANG_ENABLE_OBJC_ARC = YES;
				CLANG_ENABLE_OBJC_WEAK = YES;
				CLANG_WARN_BLOCK_CAPTURE_AUTORELEASING = YES;
				CLANG_WARN_BOOL_CONVERSION = YES;
				CLANG_WARN_COMMA = YES;
				CLANG_WARN_CONSTANT_CONVERSION = YES;
				CLANG_WARN_DEPRECATED_OBJC_IMPLEMENTATIONS = YES;
				CLANG_WARN_DIRECT_OBJC_ISA_USAGE = YES_ERROR;
				CLANG_WARN_DOCUMENTATION_COMMENTS = YES;
				CLANG_WARN_EMPTY_BODY = YES;
				CLANG_WARN_ENUM_CONVERSION = YES;
				CLANG_WARN_INFINITE_RECURSION = YES;
				CLANG_WARN_INT_CONVERSION = YES;
				CLANG_WARN_NON_LITERAL_NULL_CONVERSION = YES;
				CLANG_WARN_OBJC_IMPLICIT_RETAIN_SELF = YES;
				CLANG_WARN_OBJC_LITERAL_CONVERSION = YES;
				CLANG_WARN_OBJC_ROOT_CLASS = YES_ERROR;
				CLANG_WARN_QUOTED_INCLUDE_IN_FRAMEWORK_HEADER = YES;
				CLANG_WARN_RANGE_LOOP_ANALYSIS = YES;
				CLANG_WARN_STRICT_PROTOTYPES = YES;
				CLANG_WARN_SUSPICIOUS_MOVE = YES;
				CLANG_WARN_UNGUARDED_AVAILABILITY = YES_AGGRESSIVE;
				CLANG_WARN_UNREACHABLE_CODE = YES;
				CLANG_WARN__DUPLICATE_METHOD_MATCH = YES;
				COPY_PHASE_STRIP = NO;
				CURRENT_PROJECT_VERSION = 1;
				DEBUG_INFORMATION_FORMAT = "dwarf-with-dsym";
				ENABLE_NS_ASSERTIONS = NO;
				ENABLE_STRICT_OBJC_MSGSEND = YES;
				ENABLE_USER_SCRIPT_SANDBOXING = YES;
				GCC_C_LANGUAGE_STANDARD = gnu17;
				GCC_NO_COMMON_BLOCKS = YES;
				GCC_WARN_64_TO_32_BIT_CONVERSION = YES;
				GCC_WARN_ABOUT_RETURN_TYPE = YES_ERROR;
				GCC_WARN_UNDECLARED_SELECTOR = YES;
				GCC_WARN_UNINITIALIZED_AUTOS = YES_AGGRESSIVE;
				GCC_WARN_UNUSED_FUNCTION = YES;
				GCC_WARN_UNUSED_VARIABLE = YES;
				IPHONEOS_DEPLOYMENT_TARGET = 14.0;
				LOCALIZATION_PREFERS_STRING_CATALOGS = YES;
				MTL_ENABLE_DEBUG_INFO = NO;
				MTL_FAST_MATH = YES;
				SDKROOT = iphoneos;
				SWIFT_COMPILATION_MODE = wholemodule;
				VALIDATE_PRODUCT = YES;
				VERSIONING_SYSTEM = "apple-generic";
				VERSION_INFO_PREFIX = "";
			};
			name = Release;
		};
		3DB73A1C2C4FE13C007FE249 /* Debug */ = {
			isa = XCBuildConfiguration;
			buildSettings = {
				BUILD_LIBRARY_FOR_DISTRIBUTION = YES;
				CODE_SIGN_STYLE = Manual;
				CURRENT_PROJECT_VERSION = 1;
				DEFINES_MODULE = YES;
				DEVELOPMENT_TEAM = "";
				DYLIB_COMPATIBILITY_VERSION = 1;
				DYLIB_CURRENT_VERSION = 1;
				DYLIB_INSTALL_NAME_BASE = "@rpath";
				ENABLE_MODULE_VERIFIER = YES;
				FRAMEWORK_SEARCH_PATHS = (
					"$(inherited)",
					"$(PROJECT_DIR)",
				);
				GENERATE_INFOPLIST_FILE = YES;
				INFOPLIST_KEY_NSHumanReadableCopyright = "";
				INSTALL_PATH = "$(LOCAL_LIBRARY_DIR)/Frameworks";
				IPHONEOS_DEPLOYMENT_TARGET = 14.0;
				LD_RUNPATH_SEARCH_PATHS = (
					"$(inherited)",
					"@executable_path/Frameworks",
					"@loader_path/Frameworks",
				);
				MACOSX_DEPLOYMENT_TARGET = 11.0;
				MARKETING_VERSION = 0.32.0;
				MODULE_VERIFIER_SUPPORTED_LANGUAGES = "objective-c objective-c++";
				MODULE_VERIFIER_SUPPORTED_LANGUAGE_STANDARDS = "gnu17 gnu++20";
				OTHER_SWIFT_FLAGS = "$(inherited) -D COCOAPODS";
				PRODUCT_BUNDLE_IDENTIFIER = com.pubnub.SwiftChatSDK;
				PRODUCT_NAME = "$(TARGET_NAME:c99extidentifier)";
				PROVISIONING_PROFILE_SPECIFIER = "";
				SKIP_INSTALL = YES;
				SUPPORTED_PLATFORMS = "appletvos appletvsimulator iphoneos iphonesimulator macosx";
				SUPPORTS_MACCATALYST = NO;
				SUPPORTS_MAC_DESIGNED_FOR_IPHONE_IPAD = NO;
				SUPPORTS_XR_DESIGNED_FOR_IPHONE_IPAD = NO;
				SWIFT_EMIT_LOC_STRINGS = YES;
				SWIFT_INSTALL_OBJC_HEADER = NO;
				SWIFT_VERSION = 5.0;
				TARGETED_DEVICE_FAMILY = "1,2,3";
				TVOS_DEPLOYMENT_TARGET = 14.0;
				WATCHOS_DEPLOYMENT_TARGET = 8;
				XROS_DEPLOYMENT_TARGET = 1.1;
			};
			name = Debug;
		};
		3DB73A1D2C4FE13C007FE249 /* Release */ = {
			isa = XCBuildConfiguration;
			buildSettings = {
				BUILD_LIBRARY_FOR_DISTRIBUTION = YES;
				CODE_SIGN_STYLE = Manual;
				CURRENT_PROJECT_VERSION = 1;
				DEFINES_MODULE = YES;
				DEVELOPMENT_TEAM = "";
				DYLIB_COMPATIBILITY_VERSION = 1;
				DYLIB_CURRENT_VERSION = 1;
				DYLIB_INSTALL_NAME_BASE = "@rpath";
				ENABLE_MODULE_VERIFIER = YES;
				FRAMEWORK_SEARCH_PATHS = (
					"$(inherited)",
					"$(PROJECT_DIR)",
				);
				GENERATE_INFOPLIST_FILE = YES;
				INFOPLIST_KEY_NSHumanReadableCopyright = "";
				INSTALL_PATH = "$(LOCAL_LIBRARY_DIR)/Frameworks";
				IPHONEOS_DEPLOYMENT_TARGET = 14.0;
				LD_RUNPATH_SEARCH_PATHS = (
					"$(inherited)",
					"@executable_path/Frameworks",
					"@loader_path/Frameworks",
				);
				MACOSX_DEPLOYMENT_TARGET = 11.0;
				MARKETING_VERSION = 0.32.0;
				MODULE_VERIFIER_SUPPORTED_LANGUAGES = "objective-c objective-c++";
				MODULE_VERIFIER_SUPPORTED_LANGUAGE_STANDARDS = "gnu17 gnu++20";
				OTHER_SWIFT_FLAGS = "$(inherited) -D COCOAPODS";
				PRODUCT_BUNDLE_IDENTIFIER = com.pubnub.SwiftChatSDK;
				PRODUCT_NAME = "$(TARGET_NAME:c99extidentifier)";
				PROVISIONING_PROFILE_SPECIFIER = "";
				SKIP_INSTALL = YES;
				SUPPORTED_PLATFORMS = "appletvos appletvsimulator iphoneos iphonesimulator macosx";
				SUPPORTS_MACCATALYST = NO;
				SUPPORTS_MAC_DESIGNED_FOR_IPHONE_IPAD = NO;
				SUPPORTS_XR_DESIGNED_FOR_IPHONE_IPAD = NO;
				SWIFT_EMIT_LOC_STRINGS = YES;
				SWIFT_INSTALL_OBJC_HEADER = NO;
				SWIFT_VERSION = 5.0;
				TARGETED_DEVICE_FAMILY = "1,2,3";
				TVOS_DEPLOYMENT_TARGET = 14.0;
				WATCHOS_DEPLOYMENT_TARGET = 8;
				XROS_DEPLOYMENT_TARGET = 1.1;
			};
			name = Release;
		};
		3DB73A1F2C4FE13C007FE249 /* Debug */ = {
			isa = XCBuildConfiguration;
			buildSettings = {
				CODE_SIGN_STYLE = Manual;
				CURRENT_PROJECT_VERSION = 1;
				DEVELOPMENT_TEAM = "";
				FRAMEWORK_SEARCH_PATHS = (
					"$(inherited)",
					"$(PROJECT_DIR)",
				);
				GENERATE_INFOPLIST_FILE = YES;
				IPHONEOS_DEPLOYMENT_TARGET = 14.0;
				MARKETING_VERSION = 1.0;
				PRODUCT_BUNDLE_IDENTIFIER = com.pubnub.SwiftChatSDKTests;
				PRODUCT_NAME = "$(TARGET_NAME)";
				PROVISIONING_PROFILE_SPECIFIER = "";
				SWIFT_EMIT_LOC_STRINGS = NO;
				SWIFT_VERSION = 5.0;
				TARGETED_DEVICE_FAMILY = "1,2";
			};
			name = Debug;
		};
		3DB73A202C4FE13C007FE249 /* Release */ = {
			isa = XCBuildConfiguration;
			buildSettings = {
				CODE_SIGN_STYLE = Manual;
				CURRENT_PROJECT_VERSION = 1;
				DEVELOPMENT_TEAM = "";
				FRAMEWORK_SEARCH_PATHS = (
					"$(inherited)",
					"$(PROJECT_DIR)",
				);
				GENERATE_INFOPLIST_FILE = YES;
				IPHONEOS_DEPLOYMENT_TARGET = 14.0;
				MARKETING_VERSION = 1.0;
				PRODUCT_BUNDLE_IDENTIFIER = com.pubnub.SwiftChatSDKTests;
				PRODUCT_NAME = "$(TARGET_NAME)";
				PROVISIONING_PROFILE_SPECIFIER = "";
				SWIFT_EMIT_LOC_STRINGS = NO;
				SWIFT_VERSION = 5.0;
				TARGETED_DEVICE_FAMILY = "1,2";
			};
			name = Release;
		};
/* End XCBuildConfiguration section */

/* Begin XCConfigurationList section */
		3D46D45F2D131EB2007D08DB /* Build configuration list for PBXNativeTarget "PubNubSwiftChatSDKAsyncTests" */ = {
			isa = XCConfigurationList;
			buildConfigurations = (
				3D46D45D2D131EB2007D08DB /* Debug */,
				3D46D45E2D131EB2007D08DB /* Release */,
			);
			defaultConfigurationIsVisible = 0;
			defaultConfigurationName = Release;
		};
		3DB73A012C4FE13C007FE249 /* Build configuration list for PBXProject "PubNubSwiftChatSDK" */ = {
			isa = XCConfigurationList;
			buildConfigurations = (
				3DB73A192C4FE13C007FE249 /* Debug */,
				3DB73A1A2C4FE13C007FE249 /* Release */,
			);
			defaultConfigurationIsVisible = 0;
			defaultConfigurationName = Release;
		};
		3DB73A1B2C4FE13C007FE249 /* Build configuration list for PBXNativeTarget "PubNubSwiftChatSDK" */ = {
			isa = XCConfigurationList;
			buildConfigurations = (
				3DB73A1C2C4FE13C007FE249 /* Debug */,
				3DB73A1D2C4FE13C007FE249 /* Release */,
			);
			defaultConfigurationIsVisible = 0;
			defaultConfigurationName = Release;
		};
		3DB73A1E2C4FE13C007FE249 /* Build configuration list for PBXNativeTarget "PubNubSwiftChatSDKTests" */ = {
			isa = XCConfigurationList;
			buildConfigurations = (
				3DB73A1F2C4FE13C007FE249 /* Debug */,
				3DB73A202C4FE13C007FE249 /* Release */,
			);
			defaultConfigurationIsVisible = 0;
			defaultConfigurationName = Release;
		};
/* End XCConfigurationList section */

/* Begin XCRemoteSwiftPackageReference section */
		3D28131F2D7B4EF4004623A0 /* XCRemoteSwiftPackageReference "kmp-chat" */ = {
			isa = XCRemoteSwiftPackageReference;
			repositoryURL = "https://github.com/pubnub/kmp-chat";
			requirement = {
				kind = exactVersion;
				version = "0.15.1-swift";
			};
		};
		3DCF7DFA2CD0FFCC00889326 /* XCRemoteSwiftPackageReference "swift" */ = {
			isa = XCRemoteSwiftPackageReference;
			repositoryURL = "https://github.com/pubnub/swift";
			requirement = {
				kind = exactVersion;
				version = 9.3.1;
			};
		};
/* End XCRemoteSwiftPackageReference section */

/* Begin XCSwiftPackageProductDependency section */
		3D2813202D7B4EF4004623A0 /* PubNubChat */ = {
			isa = XCSwiftPackageProductDependency;
			package = 3D28131F2D7B4EF4004623A0 /* XCRemoteSwiftPackageReference "kmp-chat" */;
			productName = PubNubChat;
		};
		3DCF7DFB2CD0FFCC00889326 /* PubNubSDK */ = {
			isa = XCSwiftPackageProductDependency;
			package = 3DCF7DFA2CD0FFCC00889326 /* XCRemoteSwiftPackageReference "swift" */;
			productName = PubNubSDK;
		};
/* End XCSwiftPackageProductDependency section */
	};
	rootObject = 3DB739FE2C4FE13C007FE249 /* Project object */;
}
